
Microsoft Visual Studio Solution File, Format Version 12.00
# Visual Studio 2012
Project("{FAE04EC0-301F-11D3-BF4B-00C04F79EFBC}") = "FimbulwinterClient.Extensions", "FimbulwinterClient.Extensions\FimbulwinterClient.Extensions.csproj", "{4D300142-5220-46E6-8501-1535ADDF804A}"
EndProject
Project("{FAE04EC0-301F-11D3-BF4B-00C04F79EFBC}") = "FimbulwinterClient", "FimbulwinterClient\FimbulwinterClient.csproj", "{AF3773E0-2006-4625-B93E-BEE997ADD50B}"
EndProject
Project("{FAE04EC0-301F-11D3-BF4B-00C04F79EFBC}") = "FimbulwinterClient.Core", "FimbulwinterClient.Core\FimbulwinterClient.Core.csproj", "{8A48CE26-0814-4E87-B44E-D5D555DC2C67}"
EndProject
Project("{2150E333-8FDC-42A3-9474-1A3956D46DE8}") = "FimbulvetrEngine", "FimbulvetrEngine", "{146AA3BB-09E9-4669-903A-1220D18EF7A5}"
EndProject
Project("{2150E333-8FDC-42A3-9474-1A3956D46DE8}") = "Plugin", "Plugin", "{F20B89D0-CC8C-42B5-BBDB-A2875C7EED79}"
EndProject
Project("{FAE04EC0-301F-11D3-BF4B-00C04F79EFBC}") = "FimbulvetrEngine.Plugins.DevIL", "FimbulvetrEngine\Plugins\FimbulvetrEngine.Plugins.DevIL\FimbulvetrEngine.Plugins.DevIL.csproj", "{BC44DE67-32BC-4369-B1F2-E6C334610795}"
EndProject
Project("{FAE04EC0-301F-11D3-BF4B-00C04F79EFBC}") = "FimbulvetrEngine", "FimbulvetrEngine\FimbulvetrEngine\FimbulvetrEngine.csproj", "{7FF70CD4-9B36-41C8-881A-4D94FBE9BBC8}"
EndProject
Project("{2150E333-8FDC-42A3-9474-1A3956D46DE8}") = "Ragnarok", "Ragnarok", "{F77EAE0E-1EC0-4099-8D60-B1FCBF90351A}"
EndProject
Global
	GlobalSection(SolutionConfigurationPlatforms) = preSolution
		Debug|Any CPU = Debug|Any CPU
		Debug|Mixed Platforms = Debug|Mixed Platforms
		Debug|x86 = Debug|x86
		Net40Debug|Any CPU = Net40Debug|Any CPU
		Net40Debug|Mixed Platforms = Net40Debug|Mixed Platforms
		Net40Debug|x86 = Net40Debug|x86
		Net40Release|Any CPU = Net40Release|Any CPU
		Net40Release|Mixed Platforms = Net40Release|Mixed Platforms
		Net40Release|x86 = Net40Release|x86
		Release|Any CPU = Release|Any CPU
		Release|Mixed Platforms = Release|Mixed Platforms
		Release|x86 = Release|x86
	EndGlobalSection
	GlobalSection(ProjectConfigurationPlatforms) = postSolution
		{4D300142-5220-46E6-8501-1535ADDF804A}.Debug|Any CPU.ActiveCfg = Debug|Any CPU
		{4D300142-5220-46E6-8501-1535ADDF804A}.Debug|Any CPU.Build.0 = Debug|Any CPU
		{4D300142-5220-46E6-8501-1535ADDF804A}.Debug|Mixed Platforms.ActiveCfg = Debug|Any CPU
		{4D300142-5220-46E6-8501-1535ADDF804A}.Debug|Mixed Platforms.Build.0 = Debug|Any CPU
		{4D300142-5220-46E6-8501-1535ADDF804A}.Debug|x86.ActiveCfg = Debug|x86
		{4D300142-5220-46E6-8501-1535ADDF804A}.Debug|x86.Build.0 = Debug|x86
		{4D300142-5220-46E6-8501-1535ADDF804A}.Net40Debug|Any CPU.ActiveCfg = Debug|Any CPU
		{4D300142-5220-46E6-8501-1535ADDF804A}.Net40Debug|Any CPU.Build.0 = Debug|Any CPU
		{4D300142-5220-46E6-8501-1535ADDF804A}.Net40Debug|Mixed Platforms.ActiveCfg = Net40Debug|x86
		{4D300142-5220-46E6-8501-1535ADDF804A}.Net40Debug|Mixed Platforms.Build.0 = Net40Debug|x86
		{4D300142-5220-46E6-8501-1535ADDF804A}.Net40Debug|x86.ActiveCfg = Net40Debug|x86
		{4D300142-5220-46E6-8501-1535ADDF804A}.Net40Debug|x86.Build.0 = Net40Debug|x86
		{4D300142-5220-46E6-8501-1535ADDF804A}.Net40Release|Any CPU.ActiveCfg = Release|Any CPU
		{4D300142-5220-46E6-8501-1535ADDF804A}.Net40Release|Any CPU.Build.0 = Release|Any CPU
		{4D300142-5220-46E6-8501-1535ADDF804A}.Net40Release|Mixed Platforms.ActiveCfg = Release|x86
		{4D300142-5220-46E6-8501-1535ADDF804A}.Net40Release|Mixed Platforms.Build.0 = Release|x86
		{4D300142-5220-46E6-8501-1535ADDF804A}.Net40Release|x86.ActiveCfg = Net40Release|x86
		{4D300142-5220-46E6-8501-1535ADDF804A}.Net40Release|x86.Build.0 = Net40Release|x86
		{4D300142-5220-46E6-8501-1535ADDF804A}.Release|Any CPU.ActiveCfg = Release|Any CPU
		{4D300142-5220-46E6-8501-1535ADDF804A}.Release|Any CPU.Build.0 = Release|Any CPU
		{4D300142-5220-46E6-8501-1535ADDF804A}.Release|Mixed Platforms.ActiveCfg = Release|Any CPU
		{4D300142-5220-46E6-8501-1535ADDF804A}.Release|Mixed Platforms.Build.0 = Release|Any CPU
		{4D300142-5220-46E6-8501-1535ADDF804A}.Release|x86.ActiveCfg = Release|x86
		{4D300142-5220-46E6-8501-1535ADDF804A}.Release|x86.Build.0 = Release|x86
		{AF3773E0-2006-4625-B93E-BEE997ADD50B}.Debug|Any CPU.ActiveCfg = Debug|x86
		{AF3773E0-2006-4625-B93E-BEE997ADD50B}.Debug|Mixed Platforms.ActiveCfg = Debug|x86
		{AF3773E0-2006-4625-B93E-BEE997ADD50B}.Debug|Mixed Platforms.Build.0 = Debug|x86
		{AF3773E0-2006-4625-B93E-BEE997ADD50B}.Debug|x86.ActiveCfg = Debug|x86
		{AF3773E0-2006-4625-B93E-BEE997ADD50B}.Debug|x86.Build.0 = Debug|x86
		{AF3773E0-2006-4625-B93E-BEE997ADD50B}.Net40Debug|Any CPU.ActiveCfg = Debug|x86
		{AF3773E0-2006-4625-B93E-BEE997ADD50B}.Net40Debug|Mixed Platforms.ActiveCfg = Net40Debug|x86
		{AF3773E0-2006-4625-B93E-BEE997ADD50B}.Net40Debug|Mixed Platforms.Build.0 = Net40Debug|x86
		{AF3773E0-2006-4625-B93E-BEE997ADD50B}.Net40Debug|x86.ActiveCfg = Net40Debug|x86
		{AF3773E0-2006-4625-B93E-BEE997ADD50B}.Net40Debug|x86.Build.0 = Net40Debug|x86
		{AF3773E0-2006-4625-B93E-BEE997ADD50B}.Net40Release|Any CPU.ActiveCfg = Release|x86
		{AF3773E0-2006-4625-B93E-BEE997ADD50B}.Net40Release|Mixed Platforms.ActiveCfg = Release|x86
		{AF3773E0-2006-4625-B93E-BEE997ADD50B}.Net40Release|Mixed Platforms.Build.0 = Release|x86
		{AF3773E0-2006-4625-B93E-BEE997ADD50B}.Net40Release|x86.ActiveCfg = Net40Release|x86
		{AF3773E0-2006-4625-B93E-BEE997ADD50B}.Net40Release|x86.Build.0 = Net40Release|x86
		{AF3773E0-2006-4625-B93E-BEE997ADD50B}.Release|Any CPU.ActiveCfg = Release|x86
		{AF3773E0-2006-4625-B93E-BEE997ADD50B}.Release|Mixed Platforms.ActiveCfg = Release|x86
		{AF3773E0-2006-4625-B93E-BEE997ADD50B}.Release|Mixed Platforms.Build.0 = Release|x86
		{AF3773E0-2006-4625-B93E-BEE997ADD50B}.Release|x86.ActiveCfg = Release|x86
		{AF3773E0-2006-4625-B93E-BEE997ADD50B}.Release|x86.Build.0 = Release|x86
		{8A48CE26-0814-4E87-B44E-D5D555DC2C67}.Debug|Any CPU.ActiveCfg = Debug|Any CPU
		{8A48CE26-0814-4E87-B44E-D5D555DC2C67}.Debug|Any CPU.Build.0 = Debug|Any CPU
		{8A48CE26-0814-4E87-B44E-D5D555DC2C67}.Debug|Mixed Platforms.ActiveCfg = Debug|Any CPU
		{8A48CE26-0814-4E87-B44E-D5D555DC2C67}.Debug|Mixed Platforms.Build.0 = Debug|Any CPU
		{8A48CE26-0814-4E87-B44E-D5D555DC2C67}.Debug|x86.ActiveCfg = Debug|x86
		{8A48CE26-0814-4E87-B44E-D5D555DC2C67}.Debug|x86.Build.0 = Debug|x86
		{8A48CE26-0814-4E87-B44E-D5D555DC2C67}.Net40Debug|Any CPU.ActiveCfg = Debug|Any CPU
		{8A48CE26-0814-4E87-B44E-D5D555DC2C67}.Net40Debug|Any CPU.Build.0 = Debug|Any CPU
		{8A48CE26-0814-4E87-B44E-D5D555DC2C67}.Net40Debug|Mixed Platforms.ActiveCfg = Net40Debug|x86
		{8A48CE26-0814-4E87-B44E-D5D555DC2C67}.Net40Debug|Mixed Platforms.Build.0 = Net40Debug|x86
		{8A48CE26-0814-4E87-B44E-D5D555DC2C67}.Net40Debug|x86.ActiveCfg = Net40Debug|x86
		{8A48CE26-0814-4E87-B44E-D5D555DC2C67}.Net40Debug|x86.Build.0 = Net40Debug|x86
		{8A48CE26-0814-4E87-B44E-D5D555DC2C67}.Net40Release|Any CPU.ActiveCfg = Release|Any CPU
		{8A48CE26-0814-4E87-B44E-D5D555DC2C67}.Net40Release|Any CPU.Build.0 = Release|Any CPU
		{8A48CE26-0814-4E87-B44E-D5D555DC2C67}.Net40Release|Mixed Platforms.ActiveCfg = Release|x86
		{8A48CE26-0814-4E87-B44E-D5D555DC2C67}.Net40Release|Mixed Platforms.Build.0 = Release|x86
		{8A48CE26-0814-4E87-B44E-D5D555DC2C67}.Net40Release|x86.ActiveCfg = Net40Release|x86
		{8A48CE26-0814-4E87-B44E-D5D555DC2C67}.Net40Release|x86.Build.0 = Net40Release|x86
		{8A48CE26-0814-4E87-B44E-D5D555DC2C67}.Release|Any CPU.ActiveCfg = Release|Any CPU
		{8A48CE26-0814-4E87-B44E-D5D555DC2C67}.Release|Any CPU.Build.0 = Release|Any CPU
		{8A48CE26-0814-4E87-B44E-D5D555DC2C67}.Release|Mixed Platforms.ActiveCfg = Release|Any CPU
		{8A48CE26-0814-4E87-B44E-D5D555DC2C67}.Release|Mixed Platforms.Build.0 = Release|Any CPU
		{8A48CE26-0814-4E87-B44E-D5D555DC2C67}.Release|x86.ActiveCfg = Release|x86
		{8A48CE26-0814-4E87-B44E-D5D555DC2C67}.Release|x86.Build.0 = Release|x86
		{BC44DE67-32BC-4369-B1F2-E6C334610795}.Debug|Any CPU.ActiveCfg = Debug|Any CPU
		{BC44DE67-32BC-4369-B1F2-E6C334610795}.Debug|Any CPU.Build.0 = Debug|Any CPU
		{BC44DE67-32BC-4369-B1F2-E6C334610795}.Debug|Mixed Platforms.ActiveCfg = Debug|Any CPU
		{BC44DE67-32BC-4369-B1F2-E6C334610795}.Debug|Mixed Platforms.Build.0 = Debug|Any CPU
		{BC44DE67-32BC-4369-B1F2-E6C334610795}.Debug|x86.ActiveCfg = Debug|Any CPU
		{BC44DE67-32BC-4369-B1F2-E6C334610795}.Net40Debug|Any CPU.ActiveCfg = Debug|Any CPU
		{BC44DE67-32BC-4369-B1F2-E6C334610795}.Net40Debug|Any CPU.Build.0 = Debug|Any CPU
		{BC44DE67-32BC-4369-B1F2-E6C334610795}.Net40Debug|Mixed Platforms.ActiveCfg = Debug|Any CPU
		{BC44DE67-32BC-4369-B1F2-E6C334610795}.Net40Debug|Mixed Platforms.Build.0 = Debug|Any CPU
		{BC44DE67-32BC-4369-B1F2-E6C334610795}.Net40Debug|x86.ActiveCfg = Net40Debug|x86
		{BC44DE67-32BC-4369-B1F2-E6C334610795}.Net40Debug|x86.Build.0 = Net40Debug|x86
		{BC44DE67-32BC-4369-B1F2-E6C334610795}.Net40Release|Any CPU.ActiveCfg = Release|Any CPU
		{BC44DE67-32BC-4369-B1F2-E6C334610795}.Net40Release|Any CPU.Build.0 = Release|Any CPU
		{BC44DE67-32BC-4369-B1F2-E6C334610795}.Net40Release|Mixed Platforms.ActiveCfg = Release|Any CPU
		{BC44DE67-32BC-4369-B1F2-E6C334610795}.Net40Release|Mixed Platforms.Build.0 = Release|Any CPU
		{BC44DE67-32BC-4369-B1F2-E6C334610795}.Net40Release|x86.ActiveCfg = Net40Release|x86
		{BC44DE67-32BC-4369-B1F2-E6C334610795}.Net40Release|x86.Build.0 = Net40Release|x86
		{BC44DE67-32BC-4369-B1F2-E6C334610795}.Release|Any CPU.ActiveCfg = Release|Any CPU
		{BC44DE67-32BC-4369-B1F2-E6C334610795}.Release|Any CPU.Build.0 = Release|Any CPU
		{BC44DE67-32BC-4369-B1F2-E6C334610795}.Release|Mixed Platforms.ActiveCfg = Release|Any CPU
		{BC44DE67-32BC-4369-B1F2-E6C334610795}.Release|Mixed Platforms.Build.0 = Release|Any CPU
		{BC44DE67-32BC-4369-B1F2-E6C334610795}.Release|x86.ActiveCfg = Release|Any CPU
		{7FF70CD4-9B36-41C8-881A-4D94FBE9BBC8}.Debug|Any CPU.ActiveCfg = Debug|Any CPU
		{7FF70CD4-9B36-41C8-881A-4D94FBE9BBC8}.Debug|Any CPU.Build.0 = Debug|Any CPU
		{7FF70CD4-9B36-41C8-881A-4D94FBE9BBC8}.Debug|Mixed Platforms.ActiveCfg = Debug|Any CPU
		{7FF70CD4-9B36-41C8-881A-4D94FBE9BBC8}.Debug|Mixed Platforms.Build.0 = Debug|Any CPU
		{7FF70CD4-9B36-41C8-881A-4D94FBE9BBC8}.Debug|x86.ActiveCfg = Debug|Any CPU
		{7FF70CD4-9B36-41C8-881A-4D94FBE9BBC8}.Net40Debug|Any CPU.ActiveCfg = Debug|Any CPU
		{7FF70CD4-9B36-41C8-881A-4D94FBE9BBC8}.Net40Debug|Any CPU.Build.0 = Debug|Any CPU
		{7FF70CD4-9B36-41C8-881A-4D94FBE9BBC8}.Net40Debug|Mixed Platforms.ActiveCfg = Debug|Any CPU
		{7FF70CD4-9B36-41C8-881A-4D94FBE9BBC8}.Net40Debug|Mixed Platforms.Build.0 = Debug|Any CPU
		{7FF70CD4-9B36-41C8-881A-4D94FBE9BBC8}.Net40Debug|x86.ActiveCfg = Net40Debug|x86
		{7FF70CD4-9B36-41C8-881A-4D94FBE9BBC8}.Net40Debug|x86.Build.0 = Net40Debug|x86
		{7FF70CD4-9B36-41C8-881A-4D94FBE9BBC8}.Net40Release|Any CPU.ActiveCfg = Release|Any CPU
		{7FF70CD4-9B36-41C8-881A-4D94FBE9BBC8}.Net40Release|Any CPU.Build.0 = Release|Any CPU
		{7FF70CD4-9B36-41C8-881A-4D94FBE9BBC8}.Net40Release|Mixed Platforms.ActiveCfg = Release|Any CPU
		{7FF70CD4-9B36-41C8-881A-4D94FBE9BBC8}.Net40Release|Mixed Platforms.Build.0 = Release|Any CPU
		{7FF70CD4-9B36-41C8-881A-4D94FBE9BBC8}.Net40Release|x86.ActiveCfg = Net40Release|x86
		{7FF70CD4-9B36-41C8-881A-4D94FBE9BBC8}.Net40Release|x86.Build.0 = Net40Release|x86
		{7FF70CD4-9B36-41C8-881A-4D94FBE9BBC8}.Release|Any CPU.ActiveCfg = Release|Any CPU
		{7FF70CD4-9B36-41C8-881A-4D94FBE9BBC8}.Release|Any CPU.Build.0 = Release|Any CPU
		{7FF70CD4-9B36-41C8-881A-4D94FBE9BBC8}.Release|Mixed Platforms.ActiveCfg = Release|Any CPU
		{7FF70CD4-9B36-41C8-881A-4D94FBE9BBC8}.Release|Mixed Platforms.Build.0 = Release|Any CPU
		{7FF70CD4-9B36-41C8-881A-4D94FBE9BBC8}.Release|x86.ActiveCfg = Release|Any CPU
	EndGlobalSection
	GlobalSection(SolutionProperties) = preSolution
		HideSolutionNode = FALSE
	EndGlobalSection
	GlobalSection(NestedProjects) = preSolution
		{AF3773E0-2006-4625-B93E-BEE997ADD50B} = {F77EAE0E-1EC0-4099-8D60-B1FCBF90351A}
		{8A48CE26-0814-4E87-B44E-D5D555DC2C67} = {F77EAE0E-1EC0-4099-8D60-B1FCBF90351A}
		{4D300142-5220-46E6-8501-1535ADDF804A} = {F77EAE0E-1EC0-4099-8D60-B1FCBF90351A}
		{F20B89D0-CC8C-42B5-BBDB-A2875C7EED79} = {146AA3BB-09E9-4669-903A-1220D18EF7A5}
		{7FF70CD4-9B36-41C8-881A-4D94FBE9BBC8} = {146AA3BB-09E9-4669-903A-1220D18EF7A5}
		{BC44DE67-32BC-4369-B1F2-E6C334610795} = {F20B89D0-CC8C-42B5-BBDB-A2875C7EED79}
	EndGlobalSection
EndGlobal
