
Microsoft Visual Studio Solution File, Format Version 12.00
# Visual Studio 2012
Project("{FAE04EC0-301F-11D3-BF4B-00C04F79EFBC}") = "FimbulwinterClient.Extensions", "FimbulwinterClient.Extensions\FimbulwinterClient.Extensions.csproj", "{4D300142-5220-46E6-8501-1535ADDF804A}"
EndProject
Project("{FAE04EC0-301F-11D3-BF4B-00C04F79EFBC}") = "FimbulwinterClient", "FimbulwinterClient\FimbulwinterClient.csproj", "{AF3773E0-2006-4625-B93E-BEE997ADD50B}"
EndProject
Project("{FAE04EC0-301F-11D3-BF4B-00C04F79EFBC}") = "FimbulwinterClient.Core", "FimbulwinterClient.Core\FimbulwinterClient.Core.csproj", "{8A48CE26-0814-4E87-B44E-D5D555DC2C67}"
EndProject
Project("{2150E333-8FDC-42A3-9474-1A3956D46DE8}") = "Axiom", "Axiom", "{E8BFBB0C-617B-49FB-A092-7F53C5119BF8}"
EndProject
Project("{FAE04EC0-301F-11D3-BF4B-00C04F79EFBC}") = "Axiom.Framework", "Axiom3D\Source\Framework\Axiom.Framework\Axiom.Framework.csproj", "{AF0AAC88-68C8-4CF4-AFFA-526AD899758A}"
EndProject
Project("{FAE04EC0-301F-11D3-BF4B-00C04F79EFBC}") = "Axiom", "Axiom3D\Source\Core\Axiom\Axiom.csproj", "{BAA6AE8A-B259-4883-9805-CE538660A59A}"
EndProject
Project("{2150E333-8FDC-42A3-9474-1A3956D46DE8}") = "Renderers", "Renderers", "{0229AA73-BFFD-4550-BA52-C6ADF266A36A}"
EndProject
Project("{FAE04EC0-301F-11D3-BF4B-00C04F79EFBC}") = "Axiom.RenderSystems.OpenGL", "Axiom3D\Source\Core\Axiom.RenderSystems.OpenGL\Axiom.RenderSystems.OpenGL.csproj", "{B4CE9E05-F5E9-4839-A928-27B4D30F4EE3}"
EndProject
Project("{FAE04EC0-301F-11D3-BF4B-00C04F79EFBC}") = "Axiom.RenderSystems.DirectX9", "Axiom3D\Source\Core\Axiom.RenderSystems.DirectX9\Axiom.RenderSystems.DirectX9.csproj", "{68DBB62F-F98D-47B5-A769-C20B461227AB}"
EndProject
Project("{2150E333-8FDC-42A3-9474-1A3956D46DE8}") = "Plugins", "Plugins", "{57F865D2-2754-439F-8EB5-0F527EE40BE8}"
EndProject
Project("{FAE04EC0-301F-11D3-BF4B-00C04F79EFBC}") = "Axiom.Plugins.DevILCodecs", "Axiom3D\Source\Core\Axiom.Plugins.DevILCodecs\Axiom.Plugins.DevILCodecs.csproj", "{B2BB7F09-2AD3-49C4-9268-D33BC13AA5E7}"
EndProject
Project("{FAE04EC0-301F-11D3-BF4B-00C04F79EFBC}") = "Axiom.Plugins.CgProgramManager", "Axiom3D\Source\Core\Axiom.Plugins.CgProgramManager\Axiom.Plugins.CgProgramManager.csproj", "{E2B64AA9-77C8-4BED-AB5B-10B2832E0D5B}"
EndProject
Project("{2150E333-8FDC-42A3-9474-1A3956D46DE8}") = "Platforms", "Platforms", "{D00FABB8-D9F1-40C3-A03C-98DBB17ED760}"
EndProject
Project("{FAE04EC0-301F-11D3-BF4B-00C04F79EFBC}") = "Axiom.Platforms.Windows", "Axiom3D\Source\Core\Axiom.Platforms.Windows\Axiom.Platforms.Windows.csproj", "{77AC0D3A-2A99-4EA6-A90E-C71BB53751C5}"
EndProject
Project("{FAE04EC0-301F-11D3-BF4B-00C04F79EFBC}") = "Axiom.Platforms.Linux", "Axiom3D\Source\Core\Axiom.Platforms.Linux\Axiom.Platforms.Linux.csproj", "{081F78DE-8224-4CA6-BD34-8B7939CF21AB}"
EndProject
Global
	GlobalSection(SolutionConfigurationPlatforms) = preSolution
		Debug|Any CPU = Debug|Any CPU
		Debug|Mixed Platforms = Debug|Mixed Platforms
		Debug|x86 = Debug|x86
		Net40Debug|Any CPU = Net40Debug|Any CPU
		Net40Debug|Mixed Platforms = Net40Debug|Mixed Platforms
		Net40Debug|x86 = Net40Debug|x86
		Net40Release|Any CPU = Net40Release|Any CPU
		Net40Release|Mixed Platforms = Net40Release|Mixed Platforms
		Net40Release|x86 = Net40Release|x86
		Release|Any CPU = Release|Any CPU
		Release|Mixed Platforms = Release|Mixed Platforms
		Release|x86 = Release|x86
	EndGlobalSection
	GlobalSection(ProjectConfigurationPlatforms) = postSolution
		{081F78DE-8224-4CA6-BD34-8B7939CF21AB}.Debug|Any CPU.ActiveCfg = Debug|x86
		{081F78DE-8224-4CA6-BD34-8B7939CF21AB}.Debug|Mixed Platforms.ActiveCfg = Debug|x86
		{081F78DE-8224-4CA6-BD34-8B7939CF21AB}.Debug|Mixed Platforms.Build.0 = Debug|x86
		{081F78DE-8224-4CA6-BD34-8B7939CF21AB}.Debug|x86.ActiveCfg = Debug|x86
		{081F78DE-8224-4CA6-BD34-8B7939CF21AB}.Debug|x86.Build.0 = Debug|x86
		{081F78DE-8224-4CA6-BD34-8B7939CF21AB}.Net40Debug|Any CPU.ActiveCfg = Net40Debug|x86
		{081F78DE-8224-4CA6-BD34-8B7939CF21AB}.Net40Debug|Mixed Platforms.ActiveCfg = Net40Debug|x86
		{081F78DE-8224-4CA6-BD34-8B7939CF21AB}.Net40Debug|Mixed Platforms.Build.0 = Net40Debug|x86
		{081F78DE-8224-4CA6-BD34-8B7939CF21AB}.Net40Debug|x86.ActiveCfg = Net40Debug|x86
		{081F78DE-8224-4CA6-BD34-8B7939CF21AB}.Net40Debug|x86.Build.0 = Net40Debug|x86
		{081F78DE-8224-4CA6-BD34-8B7939CF21AB}.Net40Release|Any CPU.ActiveCfg = Net40Release|x86
		{081F78DE-8224-4CA6-BD34-8B7939CF21AB}.Net40Release|Mixed Platforms.ActiveCfg = Net40Release|x86
		{081F78DE-8224-4CA6-BD34-8B7939CF21AB}.Net40Release|Mixed Platforms.Build.0 = Net40Release|x86
		{081F78DE-8224-4CA6-BD34-8B7939CF21AB}.Net40Release|x86.ActiveCfg = Net40Release|x86
		{081F78DE-8224-4CA6-BD34-8B7939CF21AB}.Net40Release|x86.Build.0 = Net40Release|x86
		{081F78DE-8224-4CA6-BD34-8B7939CF21AB}.Release|Any CPU.ActiveCfg = Release|x86
		{081F78DE-8224-4CA6-BD34-8B7939CF21AB}.Release|Mixed Platforms.ActiveCfg = Release|x86
		{081F78DE-8224-4CA6-BD34-8B7939CF21AB}.Release|Mixed Platforms.Build.0 = Release|x86
		{081F78DE-8224-4CA6-BD34-8B7939CF21AB}.Release|x86.ActiveCfg = Release|x86
		{081F78DE-8224-4CA6-BD34-8B7939CF21AB}.Release|x86.Build.0 = Release|x86
		{4D300142-5220-46E6-8501-1535ADDF804A}.Debug|Any CPU.ActiveCfg = Debug|Any CPU
		{4D300142-5220-46E6-8501-1535ADDF804A}.Debug|Any CPU.Build.0 = Debug|Any CPU
		{4D300142-5220-46E6-8501-1535ADDF804A}.Debug|Mixed Platforms.ActiveCfg = Debug|Any CPU
		{4D300142-5220-46E6-8501-1535ADDF804A}.Debug|Mixed Platforms.Build.0 = Debug|Any CPU
		{4D300142-5220-46E6-8501-1535ADDF804A}.Debug|x86.ActiveCfg = Debug|x86
		{4D300142-5220-46E6-8501-1535ADDF804A}.Debug|x86.Build.0 = Debug|x86
		{4D300142-5220-46E6-8501-1535ADDF804A}.Net40Debug|Any CPU.ActiveCfg = Debug|Any CPU
		{4D300142-5220-46E6-8501-1535ADDF804A}.Net40Debug|Any CPU.Build.0 = Debug|Any CPU
		{4D300142-5220-46E6-8501-1535ADDF804A}.Net40Debug|Mixed Platforms.ActiveCfg = Debug|x86
		{4D300142-5220-46E6-8501-1535ADDF804A}.Net40Debug|Mixed Platforms.Build.0 = Debug|x86
		{4D300142-5220-46E6-8501-1535ADDF804A}.Net40Debug|x86.ActiveCfg = Net40Debug|x86
		{4D300142-5220-46E6-8501-1535ADDF804A}.Net40Debug|x86.Build.0 = Net40Debug|x86
		{4D300142-5220-46E6-8501-1535ADDF804A}.Net40Release|Any CPU.ActiveCfg = Release|Any CPU
		{4D300142-5220-46E6-8501-1535ADDF804A}.Net40Release|Any CPU.Build.0 = Release|Any CPU
		{4D300142-5220-46E6-8501-1535ADDF804A}.Net40Release|Mixed Platforms.ActiveCfg = Release|x86
		{4D300142-5220-46E6-8501-1535ADDF804A}.Net40Release|Mixed Platforms.Build.0 = Release|x86
		{4D300142-5220-46E6-8501-1535ADDF804A}.Net40Release|x86.ActiveCfg = Net40Release|x86
		{4D300142-5220-46E6-8501-1535ADDF804A}.Net40Release|x86.Build.0 = Net40Release|x86
		{4D300142-5220-46E6-8501-1535ADDF804A}.Release|Any CPU.ActiveCfg = Release|Any CPU
		{4D300142-5220-46E6-8501-1535ADDF804A}.Release|Any CPU.Build.0 = Release|Any CPU
		{4D300142-5220-46E6-8501-1535ADDF804A}.Release|Mixed Platforms.ActiveCfg = Release|Any CPU
		{4D300142-5220-46E6-8501-1535ADDF804A}.Release|Mixed Platforms.Build.0 = Release|Any CPU
		{4D300142-5220-46E6-8501-1535ADDF804A}.Release|x86.ActiveCfg = Release|x86
		{4D300142-5220-46E6-8501-1535ADDF804A}.Release|x86.Build.0 = Release|x86
		{68DBB62F-F98D-47B5-A769-C20B461227AB}.Debug|Any CPU.ActiveCfg = Debug|x86
		{68DBB62F-F98D-47B5-A769-C20B461227AB}.Debug|Mixed Platforms.ActiveCfg = Debug|x86
		{68DBB62F-F98D-47B5-A769-C20B461227AB}.Debug|Mixed Platforms.Build.0 = Debug|x86
		{68DBB62F-F98D-47B5-A769-C20B461227AB}.Debug|x86.ActiveCfg = Debug|x86
		{68DBB62F-F98D-47B5-A769-C20B461227AB}.Debug|x86.Build.0 = Debug|x86
		{68DBB62F-F98D-47B5-A769-C20B461227AB}.Net40Debug|Any CPU.ActiveCfg = Net40Debug|x86
		{68DBB62F-F98D-47B5-A769-C20B461227AB}.Net40Debug|Mixed Platforms.ActiveCfg = Net40Debug|x86
		{68DBB62F-F98D-47B5-A769-C20B461227AB}.Net40Debug|Mixed Platforms.Build.0 = Net40Debug|x86
		{68DBB62F-F98D-47B5-A769-C20B461227AB}.Net40Debug|x86.ActiveCfg = Net40Debug|x86
		{68DBB62F-F98D-47B5-A769-C20B461227AB}.Net40Debug|x86.Build.0 = Net40Debug|x86
		{68DBB62F-F98D-47B5-A769-C20B461227AB}.Net40Release|Any CPU.ActiveCfg = Net40Release|x86
		{68DBB62F-F98D-47B5-A769-C20B461227AB}.Net40Release|Mixed Platforms.ActiveCfg = Net40Release|x86
		{68DBB62F-F98D-47B5-A769-C20B461227AB}.Net40Release|Mixed Platforms.Build.0 = Net40Release|x86
		{68DBB62F-F98D-47B5-A769-C20B461227AB}.Net40Release|x86.ActiveCfg = Net40Release|x86
		{68DBB62F-F98D-47B5-A769-C20B461227AB}.Net40Release|x86.Build.0 = Net40Release|x86
		{68DBB62F-F98D-47B5-A769-C20B461227AB}.Release|Any CPU.ActiveCfg = Release|x86
		{68DBB62F-F98D-47B5-A769-C20B461227AB}.Release|Mixed Platforms.ActiveCfg = Release|x86
		{68DBB62F-F98D-47B5-A769-C20B461227AB}.Release|Mixed Platforms.Build.0 = Release|x86
		{68DBB62F-F98D-47B5-A769-C20B461227AB}.Release|x86.ActiveCfg = Release|x86
		{68DBB62F-F98D-47B5-A769-C20B461227AB}.Release|x86.Build.0 = Release|x86
		{77AC0D3A-2A99-4EA6-A90E-C71BB53751C5}.Debug|Any CPU.ActiveCfg = Debug|x86
		{77AC0D3A-2A99-4EA6-A90E-C71BB53751C5}.Debug|Mixed Platforms.ActiveCfg = Debug|x86
		{77AC0D3A-2A99-4EA6-A90E-C71BB53751C5}.Debug|Mixed Platforms.Build.0 = Debug|x86
		{77AC0D3A-2A99-4EA6-A90E-C71BB53751C5}.Debug|x86.ActiveCfg = Debug|x86
		{77AC0D3A-2A99-4EA6-A90E-C71BB53751C5}.Debug|x86.Build.0 = Debug|x86
		{77AC0D3A-2A99-4EA6-A90E-C71BB53751C5}.Net40Debug|Any CPU.ActiveCfg = Net40Debug|x86
		{77AC0D3A-2A99-4EA6-A90E-C71BB53751C5}.Net40Debug|Mixed Platforms.ActiveCfg = Net40Debug|x86
		{77AC0D3A-2A99-4EA6-A90E-C71BB53751C5}.Net40Debug|Mixed Platforms.Build.0 = Net40Debug|x86
		{77AC0D3A-2A99-4EA6-A90E-C71BB53751C5}.Net40Debug|x86.ActiveCfg = Net40Debug|x86
		{77AC0D3A-2A99-4EA6-A90E-C71BB53751C5}.Net40Debug|x86.Build.0 = Net40Debug|x86
		{77AC0D3A-2A99-4EA6-A90E-C71BB53751C5}.Net40Release|Any CPU.ActiveCfg = Net40Release|x86
		{77AC0D3A-2A99-4EA6-A90E-C71BB53751C5}.Net40Release|Mixed Platforms.ActiveCfg = Net40Release|x86
		{77AC0D3A-2A99-4EA6-A90E-C71BB53751C5}.Net40Release|Mixed Platforms.Build.0 = Net40Release|x86
		{77AC0D3A-2A99-4EA6-A90E-C71BB53751C5}.Net40Release|x86.ActiveCfg = Net40Release|x86
		{77AC0D3A-2A99-4EA6-A90E-C71BB53751C5}.Net40Release|x86.Build.0 = Net40Release|x86
		{77AC0D3A-2A99-4EA6-A90E-C71BB53751C5}.Release|Any CPU.ActiveCfg = Release|x86
		{77AC0D3A-2A99-4EA6-A90E-C71BB53751C5}.Release|Mixed Platforms.ActiveCfg = Release|x86
		{77AC0D3A-2A99-4EA6-A90E-C71BB53751C5}.Release|Mixed Platforms.Build.0 = Release|x86
		{77AC0D3A-2A99-4EA6-A90E-C71BB53751C5}.Release|x86.ActiveCfg = Release|x86
		{77AC0D3A-2A99-4EA6-A90E-C71BB53751C5}.Release|x86.Build.0 = Release|x86
		{8A48CE26-0814-4E87-B44E-D5D555DC2C67}.Debug|Any CPU.ActiveCfg = Debug|Any CPU
		{8A48CE26-0814-4E87-B44E-D5D555DC2C67}.Debug|Any CPU.Build.0 = Debug|Any CPU
		{8A48CE26-0814-4E87-B44E-D5D555DC2C67}.Debug|Mixed Platforms.ActiveCfg = Debug|Any CPU
		{8A48CE26-0814-4E87-B44E-D5D555DC2C67}.Debug|Mixed Platforms.Build.0 = Debug|Any CPU
		{8A48CE26-0814-4E87-B44E-D5D555DC2C67}.Debug|x86.ActiveCfg = Debug|x86
		{8A48CE26-0814-4E87-B44E-D5D555DC2C67}.Debug|x86.Build.0 = Debug|x86
		{8A48CE26-0814-4E87-B44E-D5D555DC2C67}.Net40Debug|Any CPU.ActiveCfg = Debug|Any CPU
		{8A48CE26-0814-4E87-B44E-D5D555DC2C67}.Net40Debug|Any CPU.Build.0 = Debug|Any CPU
		{8A48CE26-0814-4E87-B44E-D5D555DC2C67}.Net40Debug|Mixed Platforms.ActiveCfg = Debug|x86
		{8A48CE26-0814-4E87-B44E-D5D555DC2C67}.Net40Debug|Mixed Platforms.Build.0 = Debug|x86
		{8A48CE26-0814-4E87-B44E-D5D555DC2C67}.Net40Debug|x86.ActiveCfg = Net40Debug|x86
		{8A48CE26-0814-4E87-B44E-D5D555DC2C67}.Net40Debug|x86.Build.0 = Net40Debug|x86
		{8A48CE26-0814-4E87-B44E-D5D555DC2C67}.Net40Release|Any CPU.ActiveCfg = Release|Any CPU
		{8A48CE26-0814-4E87-B44E-D5D555DC2C67}.Net40Release|Any CPU.Build.0 = Release|Any CPU
		{8A48CE26-0814-4E87-B44E-D5D555DC2C67}.Net40Release|Mixed Platforms.ActiveCfg = Release|x86
		{8A48CE26-0814-4E87-B44E-D5D555DC2C67}.Net40Release|Mixed Platforms.Build.0 = Release|x86
		{8A48CE26-0814-4E87-B44E-D5D555DC2C67}.Net40Release|x86.ActiveCfg = Net40Release|x86
		{8A48CE26-0814-4E87-B44E-D5D555DC2C67}.Net40Release|x86.Build.0 = Net40Release|x86
		{8A48CE26-0814-4E87-B44E-D5D555DC2C67}.Release|Any CPU.ActiveCfg = Release|Any CPU
		{8A48CE26-0814-4E87-B44E-D5D555DC2C67}.Release|Any CPU.Build.0 = Release|Any CPU
		{8A48CE26-0814-4E87-B44E-D5D555DC2C67}.Release|Mixed Platforms.ActiveCfg = Release|Any CPU
		{8A48CE26-0814-4E87-B44E-D5D555DC2C67}.Release|Mixed Platforms.Build.0 = Release|Any CPU
		{8A48CE26-0814-4E87-B44E-D5D555DC2C67}.Release|x86.ActiveCfg = Release|x86
		{8A48CE26-0814-4E87-B44E-D5D555DC2C67}.Release|x86.Build.0 = Release|x86
		{AF0AAC88-68C8-4CF4-AFFA-526AD899758A}.Debug|Any CPU.ActiveCfg = Debug|x86
		{AF0AAC88-68C8-4CF4-AFFA-526AD899758A}.Debug|Mixed Platforms.ActiveCfg = Debug|x86
		{AF0AAC88-68C8-4CF4-AFFA-526AD899758A}.Debug|Mixed Platforms.Build.0 = Debug|x86
		{AF0AAC88-68C8-4CF4-AFFA-526AD899758A}.Debug|x86.ActiveCfg = Debug|x86
		{AF0AAC88-68C8-4CF4-AFFA-526AD899758A}.Debug|x86.Build.0 = Debug|x86
		{AF0AAC88-68C8-4CF4-AFFA-526AD899758A}.Net40Debug|Any CPU.ActiveCfg = Net40Debug|x86
		{AF0AAC88-68C8-4CF4-AFFA-526AD899758A}.Net40Debug|Mixed Platforms.ActiveCfg = Net40Debug|x86
		{AF0AAC88-68C8-4CF4-AFFA-526AD899758A}.Net40Debug|Mixed Platforms.Build.0 = Net40Debug|x86
		{AF0AAC88-68C8-4CF4-AFFA-526AD899758A}.Net40Debug|x86.ActiveCfg = Net40Debug|x86
		{AF0AAC88-68C8-4CF4-AFFA-526AD899758A}.Net40Debug|x86.Build.0 = Net40Debug|x86
		{AF0AAC88-68C8-4CF4-AFFA-526AD899758A}.Net40Release|Any CPU.ActiveCfg = Net40Release|x86
		{AF0AAC88-68C8-4CF4-AFFA-526AD899758A}.Net40Release|Mixed Platforms.ActiveCfg = Net40Release|x86
		{AF0AAC88-68C8-4CF4-AFFA-526AD899758A}.Net40Release|Mixed Platforms.Build.0 = Net40Release|x86
		{AF0AAC88-68C8-4CF4-AFFA-526AD899758A}.Net40Release|x86.ActiveCfg = Net40Release|x86
		{AF0AAC88-68C8-4CF4-AFFA-526AD899758A}.Net40Release|x86.Build.0 = Net40Release|x86
		{AF0AAC88-68C8-4CF4-AFFA-526AD899758A}.Release|Any CPU.ActiveCfg = Release|x86
		{AF0AAC88-68C8-4CF4-AFFA-526AD899758A}.Release|Mixed Platforms.ActiveCfg = Release|x86
		{AF0AAC88-68C8-4CF4-AFFA-526AD899758A}.Release|Mixed Platforms.Build.0 = Release|x86
		{AF0AAC88-68C8-4CF4-AFFA-526AD899758A}.Release|x86.ActiveCfg = Release|x86
		{AF0AAC88-68C8-4CF4-AFFA-526AD899758A}.Release|x86.Build.0 = Release|x86
		{AF3773E0-2006-4625-B93E-BEE997ADD50B}.Debug|Any CPU.ActiveCfg = Debug|x86
		{AF3773E0-2006-4625-B93E-BEE997ADD50B}.Debug|Mixed Platforms.ActiveCfg = Debug|x86
		{AF3773E0-2006-4625-B93E-BEE997ADD50B}.Debug|Mixed Platforms.Build.0 = Debug|x86
		{AF3773E0-2006-4625-B93E-BEE997ADD50B}.Debug|x86.ActiveCfg = Debug|x86
		{AF3773E0-2006-4625-B93E-BEE997ADD50B}.Debug|x86.Build.0 = Debug|x86
		{AF3773E0-2006-4625-B93E-BEE997ADD50B}.Net40Debug|Any CPU.ActiveCfg = Debug|x86
		{AF3773E0-2006-4625-B93E-BEE997ADD50B}.Net40Debug|Mixed Platforms.ActiveCfg = Debug|x86
		{AF3773E0-2006-4625-B93E-BEE997ADD50B}.Net40Debug|Mixed Platforms.Build.0 = Debug|x86
		{AF3773E0-2006-4625-B93E-BEE997ADD50B}.Net40Debug|x86.ActiveCfg = Net40Debug|x86
		{AF3773E0-2006-4625-B93E-BEE997ADD50B}.Net40Debug|x86.Build.0 = Net40Debug|x86
		{AF3773E0-2006-4625-B93E-BEE997ADD50B}.Net40Release|Any CPU.ActiveCfg = Release|x86
		{AF3773E0-2006-4625-B93E-BEE997ADD50B}.Net40Release|Mixed Platforms.ActiveCfg = Release|x86
		{AF3773E0-2006-4625-B93E-BEE997ADD50B}.Net40Release|Mixed Platforms.Build.0 = Release|x86
		{AF3773E0-2006-4625-B93E-BEE997ADD50B}.Net40Release|x86.ActiveCfg = Net40Release|x86
		{AF3773E0-2006-4625-B93E-BEE997ADD50B}.Net40Release|x86.Build.0 = Net40Release|x86
		{AF3773E0-2006-4625-B93E-BEE997ADD50B}.Release|Any CPU.ActiveCfg = Release|x86
		{AF3773E0-2006-4625-B93E-BEE997ADD50B}.Release|Mixed Platforms.ActiveCfg = Release|x86
		{AF3773E0-2006-4625-B93E-BEE997ADD50B}.Release|Mixed Platforms.Build.0 = Release|x86
		{AF3773E0-2006-4625-B93E-BEE997ADD50B}.Release|x86.ActiveCfg = Release|x86
		{AF3773E0-2006-4625-B93E-BEE997ADD50B}.Release|x86.Build.0 = Release|x86
		{B2BB7F09-2AD3-49C4-9268-D33BC13AA5E7}.Debug|Any CPU.ActiveCfg = Debug|x86
		{B2BB7F09-2AD3-49C4-9268-D33BC13AA5E7}.Debug|Mixed Platforms.ActiveCfg = Debug|x86
		{B2BB7F09-2AD3-49C4-9268-D33BC13AA5E7}.Debug|Mixed Platforms.Build.0 = Debug|x86
		{B2BB7F09-2AD3-49C4-9268-D33BC13AA5E7}.Debug|x86.ActiveCfg = Debug|x86
		{B2BB7F09-2AD3-49C4-9268-D33BC13AA5E7}.Debug|x86.Build.0 = Debug|x86
		{B2BB7F09-2AD3-49C4-9268-D33BC13AA5E7}.Net40Debug|Any CPU.ActiveCfg = Net40Debug|x86
		{B2BB7F09-2AD3-49C4-9268-D33BC13AA5E7}.Net40Debug|Mixed Platforms.ActiveCfg = Net40Debug|x86
		{B2BB7F09-2AD3-49C4-9268-D33BC13AA5E7}.Net40Debug|Mixed Platforms.Build.0 = Net40Debug|x86
		{B2BB7F09-2AD3-49C4-9268-D33BC13AA5E7}.Net40Debug|x86.ActiveCfg = Net40Debug|x86
		{B2BB7F09-2AD3-49C4-9268-D33BC13AA5E7}.Net40Debug|x86.Build.0 = Net40Debug|x86
		{B2BB7F09-2AD3-49C4-9268-D33BC13AA5E7}.Net40Release|Any CPU.ActiveCfg = Net40Release|x86
		{B2BB7F09-2AD3-49C4-9268-D33BC13AA5E7}.Net40Release|Mixed Platforms.ActiveCfg = Net40Release|x86
		{B2BB7F09-2AD3-49C4-9268-D33BC13AA5E7}.Net40Release|Mixed Platforms.Build.0 = Net40Release|x86
		{B2BB7F09-2AD3-49C4-9268-D33BC13AA5E7}.Net40Release|x86.ActiveCfg = Net40Release|x86
		{B2BB7F09-2AD3-49C4-9268-D33BC13AA5E7}.Net40Release|x86.Build.0 = Net40Release|x86
		{B2BB7F09-2AD3-49C4-9268-D33BC13AA5E7}.Release|Any CPU.ActiveCfg = Release|x86
		{B2BB7F09-2AD3-49C4-9268-D33BC13AA5E7}.Release|Mixed Platforms.ActiveCfg = Release|x86
		{B2BB7F09-2AD3-49C4-9268-D33BC13AA5E7}.Release|Mixed Platforms.Build.0 = Release|x86
		{B2BB7F09-2AD3-49C4-9268-D33BC13AA5E7}.Release|x86.ActiveCfg = Release|x86
		{B2BB7F09-2AD3-49C4-9268-D33BC13AA5E7}.Release|x86.Build.0 = Release|x86
		{B4CE9E05-F5E9-4839-A928-27B4D30F4EE3}.Debug|Any CPU.ActiveCfg = Debug|x86
		{B4CE9E05-F5E9-4839-A928-27B4D30F4EE3}.Debug|Mixed Platforms.ActiveCfg = Debug|x86
		{B4CE9E05-F5E9-4839-A928-27B4D30F4EE3}.Debug|Mixed Platforms.Build.0 = Debug|x86
		{B4CE9E05-F5E9-4839-A928-27B4D30F4EE3}.Debug|x86.ActiveCfg = Debug|x86
		{B4CE9E05-F5E9-4839-A928-27B4D30F4EE3}.Debug|x86.Build.0 = Debug|x86
		{B4CE9E05-F5E9-4839-A928-27B4D30F4EE3}.Net40Debug|Any CPU.ActiveCfg = Net40Debug|x86
		{B4CE9E05-F5E9-4839-A928-27B4D30F4EE3}.Net40Debug|Mixed Platforms.ActiveCfg = Net40Debug|x86
		{B4CE9E05-F5E9-4839-A928-27B4D30F4EE3}.Net40Debug|Mixed Platforms.Build.0 = Net40Debug|x86
		{B4CE9E05-F5E9-4839-A928-27B4D30F4EE3}.Net40Debug|x86.ActiveCfg = Net40Debug|x86
		{B4CE9E05-F5E9-4839-A928-27B4D30F4EE3}.Net40Debug|x86.Build.0 = Net40Debug|x86
		{B4CE9E05-F5E9-4839-A928-27B4D30F4EE3}.Net40Release|Any CPU.ActiveCfg = Net40Release|x86
		{B4CE9E05-F5E9-4839-A928-27B4D30F4EE3}.Net40Release|Mixed Platforms.ActiveCfg = Net40Release|x86
		{B4CE9E05-F5E9-4839-A928-27B4D30F4EE3}.Net40Release|Mixed Platforms.Build.0 = Net40Release|x86
		{B4CE9E05-F5E9-4839-A928-27B4D30F4EE3}.Net40Release|x86.ActiveCfg = Net40Release|x86
		{B4CE9E05-F5E9-4839-A928-27B4D30F4EE3}.Net40Release|x86.Build.0 = Net40Release|x86
		{B4CE9E05-F5E9-4839-A928-27B4D30F4EE3}.Release|Any CPU.ActiveCfg = Release|x86
		{B4CE9E05-F5E9-4839-A928-27B4D30F4EE3}.Release|Mixed Platforms.ActiveCfg = Release|x86
		{B4CE9E05-F5E9-4839-A928-27B4D30F4EE3}.Release|Mixed Platforms.Build.0 = Release|x86
		{B4CE9E05-F5E9-4839-A928-27B4D30F4EE3}.Release|x86.ActiveCfg = Release|x86
		{B4CE9E05-F5E9-4839-A928-27B4D30F4EE3}.Release|x86.Build.0 = Release|x86
		{BAA6AE8A-B259-4883-9805-CE538660A59A}.Debug|Any CPU.ActiveCfg = Debug|x86
		{BAA6AE8A-B259-4883-9805-CE538660A59A}.Debug|Mixed Platforms.ActiveCfg = Debug|x86
		{BAA6AE8A-B259-4883-9805-CE538660A59A}.Debug|Mixed Platforms.Build.0 = Debug|x86
		{BAA6AE8A-B259-4883-9805-CE538660A59A}.Debug|x86.ActiveCfg = Debug|x86
		{BAA6AE8A-B259-4883-9805-CE538660A59A}.Debug|x86.Build.0 = Debug|x86
		{BAA6AE8A-B259-4883-9805-CE538660A59A}.Net40Debug|Any CPU.ActiveCfg = Net40Debug|x86
		{BAA6AE8A-B259-4883-9805-CE538660A59A}.Net40Debug|Mixed Platforms.ActiveCfg = Net40Debug|x86
		{BAA6AE8A-B259-4883-9805-CE538660A59A}.Net40Debug|Mixed Platforms.Build.0 = Net40Debug|x86
		{BAA6AE8A-B259-4883-9805-CE538660A59A}.Net40Debug|x86.ActiveCfg = Net40Debug|x86
		{BAA6AE8A-B259-4883-9805-CE538660A59A}.Net40Debug|x86.Build.0 = Net40Debug|x86
		{BAA6AE8A-B259-4883-9805-CE538660A59A}.Net40Release|Any CPU.ActiveCfg = Net40Release|x86
		{BAA6AE8A-B259-4883-9805-CE538660A59A}.Net40Release|Mixed Platforms.ActiveCfg = Net40Release|x86
		{BAA6AE8A-B259-4883-9805-CE538660A59A}.Net40Release|Mixed Platforms.Build.0 = Net40Release|x86
		{BAA6AE8A-B259-4883-9805-CE538660A59A}.Net40Release|x86.ActiveCfg = Net40Release|x86
		{BAA6AE8A-B259-4883-9805-CE538660A59A}.Net40Release|x86.Build.0 = Net40Release|x86
		{BAA6AE8A-B259-4883-9805-CE538660A59A}.Release|Any CPU.ActiveCfg = Release|x86
		{BAA6AE8A-B259-4883-9805-CE538660A59A}.Release|Mixed Platforms.ActiveCfg = Release|x86
		{BAA6AE8A-B259-4883-9805-CE538660A59A}.Release|Mixed Platforms.Build.0 = Release|x86
		{BAA6AE8A-B259-4883-9805-CE538660A59A}.Release|x86.ActiveCfg = Release|x86
		{BAA6AE8A-B259-4883-9805-CE538660A59A}.Release|x86.Build.0 = Release|x86
		{E2B64AA9-77C8-4BED-AB5B-10B2832E0D5B}.Debug|Any CPU.ActiveCfg = Debug|x86
		{E2B64AA9-77C8-4BED-AB5B-10B2832E0D5B}.Debug|Mixed Platforms.ActiveCfg = Debug|x86
		{E2B64AA9-77C8-4BED-AB5B-10B2832E0D5B}.Debug|Mixed Platforms.Build.0 = Debug|x86
		{E2B64AA9-77C8-4BED-AB5B-10B2832E0D5B}.Debug|x86.ActiveCfg = Debug|x86
		{E2B64AA9-77C8-4BED-AB5B-10B2832E0D5B}.Debug|x86.Build.0 = Debug|x86
		{E2B64AA9-77C8-4BED-AB5B-10B2832E0D5B}.Net40Debug|Any CPU.ActiveCfg = Net40Debug|x86
		{E2B64AA9-77C8-4BED-AB5B-10B2832E0D5B}.Net40Debug|Mixed Platforms.ActiveCfg = Net40Debug|x86
		{E2B64AA9-77C8-4BED-AB5B-10B2832E0D5B}.Net40Debug|Mixed Platforms.Build.0 = Net40Debug|x86
		{E2B64AA9-77C8-4BED-AB5B-10B2832E0D5B}.Net40Debug|x86.ActiveCfg = Net40Debug|x86
		{E2B64AA9-77C8-4BED-AB5B-10B2832E0D5B}.Net40Debug|x86.Build.0 = Net40Debug|x86
		{E2B64AA9-77C8-4BED-AB5B-10B2832E0D5B}.Net40Release|Any CPU.ActiveCfg = Net40Release|x86
		{E2B64AA9-77C8-4BED-AB5B-10B2832E0D5B}.Net40Release|Mixed Platforms.ActiveCfg = Net40Release|x86
		{E2B64AA9-77C8-4BED-AB5B-10B2832E0D5B}.Net40Release|Mixed Platforms.Build.0 = Net40Release|x86
		{E2B64AA9-77C8-4BED-AB5B-10B2832E0D5B}.Net40Release|x86.ActiveCfg = Net40Release|x86
		{E2B64AA9-77C8-4BED-AB5B-10B2832E0D5B}.Net40Release|x86.Build.0 = Net40Release|x86
		{E2B64AA9-77C8-4BED-AB5B-10B2832E0D5B}.Release|Any CPU.ActiveCfg = Release|x86
		{E2B64AA9-77C8-4BED-AB5B-10B2832E0D5B}.Release|Mixed Platforms.ActiveCfg = Release|x86
		{E2B64AA9-77C8-4BED-AB5B-10B2832E0D5B}.Release|Mixed Platforms.Build.0 = Release|x86
		{E2B64AA9-77C8-4BED-AB5B-10B2832E0D5B}.Release|x86.ActiveCfg = Release|x86
		{E2B64AA9-77C8-4BED-AB5B-10B2832E0D5B}.Release|x86.Build.0 = Release|x86
	EndGlobalSection
	GlobalSection(SolutionProperties) = preSolution
		HideSolutionNode = FALSE
	EndGlobalSection
	GlobalSection(NestedProjects) = preSolution
		{0229AA73-BFFD-4550-BA52-C6ADF266A36A} = {E8BFBB0C-617B-49FB-A092-7F53C5119BF8}
		{081F78DE-8224-4CA6-BD34-8B7939CF21AB} = {D00FABB8-D9F1-40C3-A03C-98DBB17ED760}
		{57F865D2-2754-439F-8EB5-0F527EE40BE8} = {E8BFBB0C-617B-49FB-A092-7F53C5119BF8}
		{68DBB62F-F98D-47B5-A769-C20B461227AB} = {0229AA73-BFFD-4550-BA52-C6ADF266A36A}
		{77AC0D3A-2A99-4EA6-A90E-C71BB53751C5} = {D00FABB8-D9F1-40C3-A03C-98DBB17ED760}
		{AF0AAC88-68C8-4CF4-AFFA-526AD899758A} = {E8BFBB0C-617B-49FB-A092-7F53C5119BF8}
		{B2BB7F09-2AD3-49C4-9268-D33BC13AA5E7} = {57F865D2-2754-439F-8EB5-0F527EE40BE8}
		{B4CE9E05-F5E9-4839-A928-27B4D30F4EE3} = {0229AA73-BFFD-4550-BA52-C6ADF266A36A}
		{BAA6AE8A-B259-4883-9805-CE538660A59A} = {E8BFBB0C-617B-49FB-A092-7F53C5119BF8}
		{D00FABB8-D9F1-40C3-A03C-98DBB17ED760} = {E8BFBB0C-617B-49FB-A092-7F53C5119BF8}
		{E2B64AA9-77C8-4BED-AB5B-10B2832E0D5B} = {57F865D2-2754-439F-8EB5-0F527EE40BE8}
	EndGlobalSection
EndGlobal
