
Microsoft Visual Studio Solution File, Format Version 11.00
# Visual Studio 2010
Project("{2150E333-8FDC-42A3-9474-1A3956D46DE8}") = "Core", "Core", "{1EAB961C-47EC-4015-B61E-E672AE1C82A1}"
EndProject
Project("{2150E333-8FDC-42A3-9474-1A3956D46DE8}") = "Platform Managers", "Platform Managers", "{676C7702-0B62-4E50-8211-EA5BC21A5DF5}"
EndProject
Project("{2150E333-8FDC-42A3-9474-1A3956D46DE8}") = "Render Systems", "Render Systems", "{FC473D51-36A2-4437-BC06-92A8E92374B7}"
EndProject
Project("{2150E333-8FDC-42A3-9474-1A3956D46DE8}") = "Plugins", "Plugins", "{DC26813F-4527-477E-8068-272E10CF5C37}"
EndProject
Project("{FAE04EC0-301F-11D3-BF4B-00C04F79EFBC}") = "Axiom.Platforms.Windows", "Core\Axiom.Platforms.Windows\Axiom.Platforms.Windows.csproj", "{77AC0D3A-2A99-4EA6-A90E-C71BB53751C5}"
EndProject
Project("{FAE04EC0-301F-11D3-BF4B-00C04F79EFBC}") = "Axiom.Platforms.Linux", "Core\Axiom.Platforms.Linux\Axiom.Platforms.Linux.csproj", "{081F78DE-8224-4CA6-BD34-8B7939CF21AB}"
EndProject
Project("{FAE04EC0-301F-11D3-BF4B-00C04F79EFBC}") = "Axiom.RenderSystems.DirectX9", "Core\Axiom.RenderSystems.DirectX9\Axiom.RenderSystems.DirectX9.csproj", "{68DBB62F-F98D-47B5-A769-C20B461227AB}"
EndProject
Project("{FAE04EC0-301F-11D3-BF4B-00C04F79EFBC}") = "Axiom.RenderSystems.OpenGL", "Core\Axiom.RenderSystems.OpenGL\Axiom.RenderSystems.OpenGL.csproj", "{B4CE9E05-F5E9-4839-A928-27B4D30F4EE3}"
EndProject
Project("{FAE04EC0-301F-11D3-BF4B-00C04F79EFBC}") = "Axiom.Plugins.CgProgramManager", "Core\Axiom.Plugins.CgProgramManager\Axiom.Plugins.CgProgramManager.csproj", "{E2B64AA9-77C8-4BED-AB5B-10B2832E0D5B}"
EndProject
Project("{FAE04EC0-301F-11D3-BF4B-00C04F79EFBC}") = "Axiom", "Core\Axiom\Axiom.csproj", "{BAA6AE8A-B259-4883-9805-CE538660A59A}"
EndProject
Project("{FAE04EC0-301F-11D3-BF4B-00C04F79EFBC}") = "Axiom.Plugins.DevILCodecs", "Core\Axiom.Plugins.DevILCodecs\Axiom.Plugins.DevILCodecs.csproj", "{B2BB7F09-2AD3-49C4-9268-D33BC13AA5E7}"
EndProject
Project("{FAE04EC0-301F-11D3-BF4B-00C04F79EFBC}") = "Axiom.Framework", "Framework\Axiom.Framework\Axiom.Framework.csproj", "{AF0AAC88-68C8-4CF4-AFFA-526AD899758A}"
EndProject
Project("{2150E333-8FDC-42A3-9474-1A3956D46DE8}") = "Build", "Build", "{8C90F6C1-7ECD-48AF-96F1-30909EF7C25A}"
	ProjectSection(SolutionItems) = preProject
		Axiom.PostSettings.targets = Axiom.PostSettings.targets
		Axiom.PreSettings.targets = Axiom.PreSettings.targets
	EndProjectSection
EndProject
Project("{2150E333-8FDC-42A3-9474-1A3956D46DE8}") = "Framework", "Framework", "{3DA6FEF3-8BF7-49CF-84C9-E82B5343D6C1}"
EndProject
Global
	GlobalSection(SolutionConfigurationPlatforms) = preSolution
		Debug|Any CPU = Debug|Any CPU
		Debug|Mixed Platforms = Debug|Mixed Platforms
		Debug|x86 = Debug|x86
		Net40Debug|Any CPU = Net40Debug|Any CPU
		Net40Debug|Mixed Platforms = Net40Debug|Mixed Platforms
		Net40Debug|x86 = Net40Debug|x86
		Net40Release|Any CPU = Net40Release|Any CPU
		Net40Release|Mixed Platforms = Net40Release|Mixed Platforms
		Net40Release|x86 = Net40Release|x86
		Release|Any CPU = Release|Any CPU
		Release|Mixed Platforms = Release|Mixed Platforms
		Release|x86 = Release|x86
		SL5Debug|Any CPU = SL5Debug|Any CPU
		SL5Debug|Mixed Platforms = SL5Debug|Mixed Platforms
		SL5Debug|x86 = SL5Debug|x86
		SL5Release|Any CPU = SL5Release|Any CPU
		SL5Release|Mixed Platforms = SL5Release|Mixed Platforms
		SL5Release|x86 = SL5Release|x86
		Win8Debug|Any CPU = Win8Debug|Any CPU
		Win8Debug|Mixed Platforms = Win8Debug|Mixed Platforms
		Win8Debug|x86 = Win8Debug|x86
		Win8Release|Any CPU = Win8Release|Any CPU
		Win8Release|Mixed Platforms = Win8Release|Mixed Platforms
		Win8Release|x86 = Win8Release|x86
	EndGlobalSection
	GlobalSection(ProjectConfigurationPlatforms) = postSolution
		{77AC0D3A-2A99-4EA6-A90E-C71BB53751C5}.Debug|Any CPU.ActiveCfg = Debug|Any CPU
		{77AC0D3A-2A99-4EA6-A90E-C71BB53751C5}.Debug|Any CPU.Build.0 = Debug|Any CPU
		{77AC0D3A-2A99-4EA6-A90E-C71BB53751C5}.Debug|Mixed Platforms.ActiveCfg = Debug|x86
		{77AC0D3A-2A99-4EA6-A90E-C71BB53751C5}.Debug|Mixed Platforms.Build.0 = Debug|x86
		{77AC0D3A-2A99-4EA6-A90E-C71BB53751C5}.Debug|x86.ActiveCfg = Debug|x86
		{77AC0D3A-2A99-4EA6-A90E-C71BB53751C5}.Debug|x86.Build.0 = Debug|x86
		{77AC0D3A-2A99-4EA6-A90E-C71BB53751C5}.Net40Debug|Any CPU.ActiveCfg = Net40Debug|Any CPU
		{77AC0D3A-2A99-4EA6-A90E-C71BB53751C5}.Net40Debug|Any CPU.Build.0 = Net40Debug|Any CPU
		{77AC0D3A-2A99-4EA6-A90E-C71BB53751C5}.Net40Debug|Mixed Platforms.ActiveCfg = Net40Debug|x86
		{77AC0D3A-2A99-4EA6-A90E-C71BB53751C5}.Net40Debug|Mixed Platforms.Build.0 = Net40Debug|x86
		{77AC0D3A-2A99-4EA6-A90E-C71BB53751C5}.Net40Debug|x86.ActiveCfg = Net40Debug|x86
		{77AC0D3A-2A99-4EA6-A90E-C71BB53751C5}.Net40Debug|x86.Build.0 = Net40Debug|x86
		{77AC0D3A-2A99-4EA6-A90E-C71BB53751C5}.Net40Release|Any CPU.ActiveCfg = Net40Release|Any CPU
		{77AC0D3A-2A99-4EA6-A90E-C71BB53751C5}.Net40Release|Any CPU.Build.0 = Net40Release|Any CPU
		{77AC0D3A-2A99-4EA6-A90E-C71BB53751C5}.Net40Release|Mixed Platforms.ActiveCfg = Net40Release|x86
		{77AC0D3A-2A99-4EA6-A90E-C71BB53751C5}.Net40Release|Mixed Platforms.Build.0 = Net40Release|x86
		{77AC0D3A-2A99-4EA6-A90E-C71BB53751C5}.Net40Release|x86.ActiveCfg = Net40Release|Any CPU
		{77AC0D3A-2A99-4EA6-A90E-C71BB53751C5}.Release|Any CPU.ActiveCfg = Release|Any CPU
		{77AC0D3A-2A99-4EA6-A90E-C71BB53751C5}.Release|Any CPU.Build.0 = Release|Any CPU
		{77AC0D3A-2A99-4EA6-A90E-C71BB53751C5}.Release|Mixed Platforms.ActiveCfg = Release|x86
		{77AC0D3A-2A99-4EA6-A90E-C71BB53751C5}.Release|Mixed Platforms.Build.0 = Release|x86
		{77AC0D3A-2A99-4EA6-A90E-C71BB53751C5}.Release|x86.ActiveCfg = Release|Any CPU
		{77AC0D3A-2A99-4EA6-A90E-C71BB53751C5}.SL5Debug|Any CPU.ActiveCfg = SL5Debug|Any CPU
		{77AC0D3A-2A99-4EA6-A90E-C71BB53751C5}.SL5Debug|Any CPU.Build.0 = SL5Debug|Any CPU
		{77AC0D3A-2A99-4EA6-A90E-C71BB53751C5}.SL5Debug|Mixed Platforms.ActiveCfg = SL5Debug|x86
		{77AC0D3A-2A99-4EA6-A90E-C71BB53751C5}.SL5Debug|Mixed Platforms.Build.0 = SL5Debug|x86
		{77AC0D3A-2A99-4EA6-A90E-C71BB53751C5}.SL5Debug|x86.ActiveCfg = SL5Debug|x86
		{77AC0D3A-2A99-4EA6-A90E-C71BB53751C5}.SL5Debug|x86.Build.0 = SL5Debug|x86
		{77AC0D3A-2A99-4EA6-A90E-C71BB53751C5}.SL5Release|Any CPU.ActiveCfg = SL5Release|Any CPU
		{77AC0D3A-2A99-4EA6-A90E-C71BB53751C5}.SL5Release|Any CPU.Build.0 = SL5Release|Any CPU
		{77AC0D3A-2A99-4EA6-A90E-C71BB53751C5}.SL5Release|Mixed Platforms.ActiveCfg = SL5Release|x86
		{77AC0D3A-2A99-4EA6-A90E-C71BB53751C5}.SL5Release|Mixed Platforms.Build.0 = SL5Release|x86
		{77AC0D3A-2A99-4EA6-A90E-C71BB53751C5}.SL5Release|x86.ActiveCfg = SL5Release|x86
		{77AC0D3A-2A99-4EA6-A90E-C71BB53751C5}.SL5Release|x86.Build.0 = SL5Release|x86
		{77AC0D3A-2A99-4EA6-A90E-C71BB53751C5}.Win8Debug|Any CPU.ActiveCfg = Win8Debug|Any CPU
		{77AC0D3A-2A99-4EA6-A90E-C71BB53751C5}.Win8Debug|Any CPU.Build.0 = Win8Debug|Any CPU
		{77AC0D3A-2A99-4EA6-A90E-C71BB53751C5}.Win8Debug|Mixed Platforms.ActiveCfg = Win8Debug|x86
		{77AC0D3A-2A99-4EA6-A90E-C71BB53751C5}.Win8Debug|Mixed Platforms.Build.0 = Win8Debug|x86
		{77AC0D3A-2A99-4EA6-A90E-C71BB53751C5}.Win8Debug|x86.ActiveCfg = Win8Debug|Any CPU
		{77AC0D3A-2A99-4EA6-A90E-C71BB53751C5}.Win8Release|Any CPU.ActiveCfg = Win8Release|Any CPU
		{77AC0D3A-2A99-4EA6-A90E-C71BB53751C5}.Win8Release|Any CPU.Build.0 = Win8Release|Any CPU
		{77AC0D3A-2A99-4EA6-A90E-C71BB53751C5}.Win8Release|Mixed Platforms.ActiveCfg = Win8Release|x86
		{77AC0D3A-2A99-4EA6-A90E-C71BB53751C5}.Win8Release|Mixed Platforms.Build.0 = Win8Release|x86
		{77AC0D3A-2A99-4EA6-A90E-C71BB53751C5}.Win8Release|x86.ActiveCfg = Win8Release|Any CPU
		{081F78DE-8224-4CA6-BD34-8B7939CF21AB}.Debug|Any CPU.ActiveCfg = Debug|Any CPU
		{081F78DE-8224-4CA6-BD34-8B7939CF21AB}.Debug|Any CPU.Build.0 = Debug|Any CPU
		{081F78DE-8224-4CA6-BD34-8B7939CF21AB}.Debug|Mixed Platforms.ActiveCfg = Debug|x86
		{081F78DE-8224-4CA6-BD34-8B7939CF21AB}.Debug|Mixed Platforms.Build.0 = Debug|x86
		{081F78DE-8224-4CA6-BD34-8B7939CF21AB}.Debug|x86.ActiveCfg = Debug|x86
		{081F78DE-8224-4CA6-BD34-8B7939CF21AB}.Debug|x86.Build.0 = Debug|x86
		{081F78DE-8224-4CA6-BD34-8B7939CF21AB}.Net40Debug|Any CPU.ActiveCfg = Net40Debug|Any CPU
		{081F78DE-8224-4CA6-BD34-8B7939CF21AB}.Net40Debug|Any CPU.Build.0 = Net40Debug|Any CPU
		{081F78DE-8224-4CA6-BD34-8B7939CF21AB}.Net40Debug|Mixed Platforms.ActiveCfg = Net40Debug|x86
		{081F78DE-8224-4CA6-BD34-8B7939CF21AB}.Net40Debug|Mixed Platforms.Build.0 = Net40Debug|x86
		{081F78DE-8224-4CA6-BD34-8B7939CF21AB}.Net40Debug|x86.ActiveCfg = Net40Debug|x86
		{081F78DE-8224-4CA6-BD34-8B7939CF21AB}.Net40Debug|x86.Build.0 = Net40Debug|x86
		{081F78DE-8224-4CA6-BD34-8B7939CF21AB}.Net40Release|Any CPU.ActiveCfg = Net40Release|Any CPU
		{081F78DE-8224-4CA6-BD34-8B7939CF21AB}.Net40Release|Any CPU.Build.0 = Net40Release|Any CPU
		{081F78DE-8224-4CA6-BD34-8B7939CF21AB}.Net40Release|Mixed Platforms.ActiveCfg = Net40Release|x86
		{081F78DE-8224-4CA6-BD34-8B7939CF21AB}.Net40Release|Mixed Platforms.Build.0 = Net40Release|x86
		{081F78DE-8224-4CA6-BD34-8B7939CF21AB}.Net40Release|x86.ActiveCfg = Net40Release|Any CPU
		{081F78DE-8224-4CA6-BD34-8B7939CF21AB}.Release|Any CPU.ActiveCfg = Release|Any CPU
		{081F78DE-8224-4CA6-BD34-8B7939CF21AB}.Release|Any CPU.Build.0 = Release|Any CPU
		{081F78DE-8224-4CA6-BD34-8B7939CF21AB}.Release|Mixed Platforms.ActiveCfg = Release|x86
		{081F78DE-8224-4CA6-BD34-8B7939CF21AB}.Release|Mixed Platforms.Build.0 = Release|x86
		{081F78DE-8224-4CA6-BD34-8B7939CF21AB}.Release|x86.ActiveCfg = Release|Any CPU
		{081F78DE-8224-4CA6-BD34-8B7939CF21AB}.SL5Debug|Any CPU.ActiveCfg = SL5Debug|Any CPU
		{081F78DE-8224-4CA6-BD34-8B7939CF21AB}.SL5Debug|Any CPU.Build.0 = SL5Debug|Any CPU
		{081F78DE-8224-4CA6-BD34-8B7939CF21AB}.SL5Debug|Mixed Platforms.ActiveCfg = SL5Debug|x86
		{081F78DE-8224-4CA6-BD34-8B7939CF21AB}.SL5Debug|Mixed Platforms.Build.0 = SL5Debug|x86
		{081F78DE-8224-4CA6-BD34-8B7939CF21AB}.SL5Debug|x86.ActiveCfg = SL5Debug|x86
		{081F78DE-8224-4CA6-BD34-8B7939CF21AB}.SL5Debug|x86.Build.0 = SL5Debug|x86
		{081F78DE-8224-4CA6-BD34-8B7939CF21AB}.SL5Release|Any CPU.ActiveCfg = SL5Release|Any CPU
		{081F78DE-8224-4CA6-BD34-8B7939CF21AB}.SL5Release|Any CPU.Build.0 = SL5Release|Any CPU
		{081F78DE-8224-4CA6-BD34-8B7939CF21AB}.SL5Release|Mixed Platforms.ActiveCfg = SL5Release|x86
		{081F78DE-8224-4CA6-BD34-8B7939CF21AB}.SL5Release|Mixed Platforms.Build.0 = SL5Release|x86
		{081F78DE-8224-4CA6-BD34-8B7939CF21AB}.SL5Release|x86.ActiveCfg = SL5Release|x86
		{081F78DE-8224-4CA6-BD34-8B7939CF21AB}.SL5Release|x86.Build.0 = SL5Release|x86
		{081F78DE-8224-4CA6-BD34-8B7939CF21AB}.Win8Debug|Any CPU.ActiveCfg = Win8Debug|Any CPU
		{081F78DE-8224-4CA6-BD34-8B7939CF21AB}.Win8Debug|Any CPU.Build.0 = Win8Debug|Any CPU
		{081F78DE-8224-4CA6-BD34-8B7939CF21AB}.Win8Debug|Mixed Platforms.ActiveCfg = Win8Debug|x86
		{081F78DE-8224-4CA6-BD34-8B7939CF21AB}.Win8Debug|Mixed Platforms.Build.0 = Win8Debug|x86
		{081F78DE-8224-4CA6-BD34-8B7939CF21AB}.Win8Debug|x86.ActiveCfg = Win8Debug|Any CPU
		{081F78DE-8224-4CA6-BD34-8B7939CF21AB}.Win8Release|Any CPU.ActiveCfg = Win8Release|Any CPU
		{081F78DE-8224-4CA6-BD34-8B7939CF21AB}.Win8Release|Any CPU.Build.0 = Win8Release|Any CPU
		{081F78DE-8224-4CA6-BD34-8B7939CF21AB}.Win8Release|Mixed Platforms.ActiveCfg = Win8Release|x86
		{081F78DE-8224-4CA6-BD34-8B7939CF21AB}.Win8Release|Mixed Platforms.Build.0 = Win8Release|x86
		{081F78DE-8224-4CA6-BD34-8B7939CF21AB}.Win8Release|x86.ActiveCfg = Win8Release|Any CPU
		{68DBB62F-F98D-47B5-A769-C20B461227AB}.Debug|Any CPU.ActiveCfg = Debug|Any CPU
		{68DBB62F-F98D-47B5-A769-C20B461227AB}.Debug|Any CPU.Build.0 = Debug|Any CPU
		{68DBB62F-F98D-47B5-A769-C20B461227AB}.Debug|Mixed Platforms.ActiveCfg = Debug|x86
		{68DBB62F-F98D-47B5-A769-C20B461227AB}.Debug|Mixed Platforms.Build.0 = Debug|x86
		{68DBB62F-F98D-47B5-A769-C20B461227AB}.Debug|x86.ActiveCfg = Debug|x86
		{68DBB62F-F98D-47B5-A769-C20B461227AB}.Debug|x86.Build.0 = Debug|x86
		{68DBB62F-F98D-47B5-A769-C20B461227AB}.Net40Debug|Any CPU.ActiveCfg = Net40Debug|Any CPU
		{68DBB62F-F98D-47B5-A769-C20B461227AB}.Net40Debug|Any CPU.Build.0 = Net40Debug|Any CPU
		{68DBB62F-F98D-47B5-A769-C20B461227AB}.Net40Debug|Mixed Platforms.ActiveCfg = Net40Debug|x86
		{68DBB62F-F98D-47B5-A769-C20B461227AB}.Net40Debug|Mixed Platforms.Build.0 = Net40Debug|x86
		{68DBB62F-F98D-47B5-A769-C20B461227AB}.Net40Debug|x86.ActiveCfg = Net40Debug|x86
		{68DBB62F-F98D-47B5-A769-C20B461227AB}.Net40Debug|x86.Build.0 = Net40Debug|x86
		{68DBB62F-F98D-47B5-A769-C20B461227AB}.Net40Release|Any CPU.ActiveCfg = Net40Release|Any CPU
		{68DBB62F-F98D-47B5-A769-C20B461227AB}.Net40Release|Any CPU.Build.0 = Net40Release|Any CPU
		{68DBB62F-F98D-47B5-A769-C20B461227AB}.Net40Release|Mixed Platforms.ActiveCfg = Net40Release|x86
		{68DBB62F-F98D-47B5-A769-C20B461227AB}.Net40Release|Mixed Platforms.Build.0 = Net40Release|x86
		{68DBB62F-F98D-47B5-A769-C20B461227AB}.Net40Release|x86.ActiveCfg = Net40Release|Any CPU
		{68DBB62F-F98D-47B5-A769-C20B461227AB}.Release|Any CPU.ActiveCfg = Release|Any CPU
		{68DBB62F-F98D-47B5-A769-C20B461227AB}.Release|Any CPU.Build.0 = Release|Any CPU
		{68DBB62F-F98D-47B5-A769-C20B461227AB}.Release|Mixed Platforms.ActiveCfg = Release|x86
		{68DBB62F-F98D-47B5-A769-C20B461227AB}.Release|Mixed Platforms.Build.0 = Release|x86
		{68DBB62F-F98D-47B5-A769-C20B461227AB}.Release|x86.ActiveCfg = Release|Any CPU
		{68DBB62F-F98D-47B5-A769-C20B461227AB}.SL5Debug|Any CPU.ActiveCfg = SL5Debug|Any CPU
		{68DBB62F-F98D-47B5-A769-C20B461227AB}.SL5Debug|Any CPU.Build.0 = SL5Debug|Any CPU
		{68DBB62F-F98D-47B5-A769-C20B461227AB}.SL5Debug|Mixed Platforms.ActiveCfg = SL5Debug|x86
		{68DBB62F-F98D-47B5-A769-C20B461227AB}.SL5Debug|Mixed Platforms.Build.0 = SL5Debug|x86
		{68DBB62F-F98D-47B5-A769-C20B461227AB}.SL5Debug|x86.ActiveCfg = SL5Debug|x86
		{68DBB62F-F98D-47B5-A769-C20B461227AB}.SL5Debug|x86.Build.0 = SL5Debug|x86
		{68DBB62F-F98D-47B5-A769-C20B461227AB}.SL5Release|Any CPU.ActiveCfg = SL5Release|Any CPU
		{68DBB62F-F98D-47B5-A769-C20B461227AB}.SL5Release|Any CPU.Build.0 = SL5Release|Any CPU
		{68DBB62F-F98D-47B5-A769-C20B461227AB}.SL5Release|Mixed Platforms.ActiveCfg = SL5Release|x86
		{68DBB62F-F98D-47B5-A769-C20B461227AB}.SL5Release|Mixed Platforms.Build.0 = SL5Release|x86
		{68DBB62F-F98D-47B5-A769-C20B461227AB}.SL5Release|x86.ActiveCfg = SL5Release|x86
		{68DBB62F-F98D-47B5-A769-C20B461227AB}.SL5Release|x86.Build.0 = SL5Release|x86
		{68DBB62F-F98D-47B5-A769-C20B461227AB}.Win8Debug|Any CPU.ActiveCfg = Win8Debug|Any CPU
		{68DBB62F-F98D-47B5-A769-C20B461227AB}.Win8Debug|Any CPU.Build.0 = Win8Debug|Any CPU
		{68DBB62F-F98D-47B5-A769-C20B461227AB}.Win8Debug|Mixed Platforms.ActiveCfg = Win8Debug|x86
		{68DBB62F-F98D-47B5-A769-C20B461227AB}.Win8Debug|Mixed Platforms.Build.0 = Win8Debug|x86
		{68DBB62F-F98D-47B5-A769-C20B461227AB}.Win8Debug|x86.ActiveCfg = Win8Debug|Any CPU
		{68DBB62F-F98D-47B5-A769-C20B461227AB}.Win8Release|Any CPU.ActiveCfg = Win8Release|Any CPU
		{68DBB62F-F98D-47B5-A769-C20B461227AB}.Win8Release|Any CPU.Build.0 = Win8Release|Any CPU
		{68DBB62F-F98D-47B5-A769-C20B461227AB}.Win8Release|Mixed Platforms.ActiveCfg = Win8Release|x86
		{68DBB62F-F98D-47B5-A769-C20B461227AB}.Win8Release|Mixed Platforms.Build.0 = Win8Release|x86
		{68DBB62F-F98D-47B5-A769-C20B461227AB}.Win8Release|x86.ActiveCfg = Win8Release|Any CPU
		{B4CE9E05-F5E9-4839-A928-27B4D30F4EE3}.Debug|Any CPU.ActiveCfg = Debug|Any CPU
		{B4CE9E05-F5E9-4839-A928-27B4D30F4EE3}.Debug|Any CPU.Build.0 = Debug|Any CPU
		{B4CE9E05-F5E9-4839-A928-27B4D30F4EE3}.Debug|Mixed Platforms.ActiveCfg = Debug|x86
		{B4CE9E05-F5E9-4839-A928-27B4D30F4EE3}.Debug|Mixed Platforms.Build.0 = Debug|x86
		{B4CE9E05-F5E9-4839-A928-27B4D30F4EE3}.Debug|x86.ActiveCfg = Debug|x86
		{B4CE9E05-F5E9-4839-A928-27B4D30F4EE3}.Debug|x86.Build.0 = Debug|x86
		{B4CE9E05-F5E9-4839-A928-27B4D30F4EE3}.Net40Debug|Any CPU.ActiveCfg = Net40Debug|Any CPU
		{B4CE9E05-F5E9-4839-A928-27B4D30F4EE3}.Net40Debug|Any CPU.Build.0 = Net40Debug|Any CPU
		{B4CE9E05-F5E9-4839-A928-27B4D30F4EE3}.Net40Debug|Mixed Platforms.ActiveCfg = Net40Debug|x86
		{B4CE9E05-F5E9-4839-A928-27B4D30F4EE3}.Net40Debug|Mixed Platforms.Build.0 = Net40Debug|x86
		{B4CE9E05-F5E9-4839-A928-27B4D30F4EE3}.Net40Debug|x86.ActiveCfg = Net40Debug|x86
		{B4CE9E05-F5E9-4839-A928-27B4D30F4EE3}.Net40Debug|x86.Build.0 = Net40Debug|x86
		{B4CE9E05-F5E9-4839-A928-27B4D30F4EE3}.Net40Release|Any CPU.ActiveCfg = Net40Release|Any CPU
		{B4CE9E05-F5E9-4839-A928-27B4D30F4EE3}.Net40Release|Any CPU.Build.0 = Net40Release|Any CPU
		{B4CE9E05-F5E9-4839-A928-27B4D30F4EE3}.Net40Release|Mixed Platforms.ActiveCfg = Net40Release|x86
		{B4CE9E05-F5E9-4839-A928-27B4D30F4EE3}.Net40Release|Mixed Platforms.Build.0 = Net40Release|x86
		{B4CE9E05-F5E9-4839-A928-27B4D30F4EE3}.Net40Release|x86.ActiveCfg = Net40Release|Any CPU
		{B4CE9E05-F5E9-4839-A928-27B4D30F4EE3}.Release|Any CPU.ActiveCfg = Release|Any CPU
		{B4CE9E05-F5E9-4839-A928-27B4D30F4EE3}.Release|Any CPU.Build.0 = Release|Any CPU
		{B4CE9E05-F5E9-4839-A928-27B4D30F4EE3}.Release|Mixed Platforms.ActiveCfg = Release|x86
		{B4CE9E05-F5E9-4839-A928-27B4D30F4EE3}.Release|Mixed Platforms.Build.0 = Release|x86
		{B4CE9E05-F5E9-4839-A928-27B4D30F4EE3}.Release|x86.ActiveCfg = Release|Any CPU
		{B4CE9E05-F5E9-4839-A928-27B4D30F4EE3}.SL5Debug|Any CPU.ActiveCfg = SL5Debug|Any CPU
		{B4CE9E05-F5E9-4839-A928-27B4D30F4EE3}.SL5Debug|Any CPU.Build.0 = SL5Debug|Any CPU
		{B4CE9E05-F5E9-4839-A928-27B4D30F4EE3}.SL5Debug|Mixed Platforms.ActiveCfg = SL5Debug|x86
		{B4CE9E05-F5E9-4839-A928-27B4D30F4EE3}.SL5Debug|Mixed Platforms.Build.0 = SL5Debug|x86
		{B4CE9E05-F5E9-4839-A928-27B4D30F4EE3}.SL5Debug|x86.ActiveCfg = SL5Debug|x86
		{B4CE9E05-F5E9-4839-A928-27B4D30F4EE3}.SL5Debug|x86.Build.0 = SL5Debug|x86
		{B4CE9E05-F5E9-4839-A928-27B4D30F4EE3}.SL5Release|Any CPU.ActiveCfg = SL5Release|Any CPU
		{B4CE9E05-F5E9-4839-A928-27B4D30F4EE3}.SL5Release|Any CPU.Build.0 = SL5Release|Any CPU
		{B4CE9E05-F5E9-4839-A928-27B4D30F4EE3}.SL5Release|Mixed Platforms.ActiveCfg = SL5Release|x86
		{B4CE9E05-F5E9-4839-A928-27B4D30F4EE3}.SL5Release|Mixed Platforms.Build.0 = SL5Release|x86
		{B4CE9E05-F5E9-4839-A928-27B4D30F4EE3}.SL5Release|x86.ActiveCfg = SL5Release|x86
		{B4CE9E05-F5E9-4839-A928-27B4D30F4EE3}.SL5Release|x86.Build.0 = SL5Release|x86
		{B4CE9E05-F5E9-4839-A928-27B4D30F4EE3}.Win8Debug|Any CPU.ActiveCfg = Win8Debug|Any CPU
		{B4CE9E05-F5E9-4839-A928-27B4D30F4EE3}.Win8Debug|Any CPU.Build.0 = Win8Debug|Any CPU
		{B4CE9E05-F5E9-4839-A928-27B4D30F4EE3}.Win8Debug|Mixed Platforms.ActiveCfg = Win8Debug|x86
		{B4CE9E05-F5E9-4839-A928-27B4D30F4EE3}.Win8Debug|Mixed Platforms.Build.0 = Win8Debug|x86
		{B4CE9E05-F5E9-4839-A928-27B4D30F4EE3}.Win8Debug|x86.ActiveCfg = Win8Debug|Any CPU
		{B4CE9E05-F5E9-4839-A928-27B4D30F4EE3}.Win8Release|Any CPU.ActiveCfg = Win8Release|Any CPU
		{B4CE9E05-F5E9-4839-A928-27B4D30F4EE3}.Win8Release|Any CPU.Build.0 = Win8Release|Any CPU
		{B4CE9E05-F5E9-4839-A928-27B4D30F4EE3}.Win8Release|Mixed Platforms.ActiveCfg = Win8Release|x86
		{B4CE9E05-F5E9-4839-A928-27B4D30F4EE3}.Win8Release|Mixed Platforms.Build.0 = Win8Release|x86
		{B4CE9E05-F5E9-4839-A928-27B4D30F4EE3}.Win8Release|x86.ActiveCfg = Win8Release|Any CPU
		{E2B64AA9-77C8-4BED-AB5B-10B2832E0D5B}.Debug|Any CPU.ActiveCfg = Debug|Any CPU
		{E2B64AA9-77C8-4BED-AB5B-10B2832E0D5B}.Debug|Any CPU.Build.0 = Debug|Any CPU
		{E2B64AA9-77C8-4BED-AB5B-10B2832E0D5B}.Debug|Mixed Platforms.ActiveCfg = Debug|x86
		{E2B64AA9-77C8-4BED-AB5B-10B2832E0D5B}.Debug|Mixed Platforms.Build.0 = Debug|x86
		{E2B64AA9-77C8-4BED-AB5B-10B2832E0D5B}.Debug|x86.ActiveCfg = Debug|x86
		{E2B64AA9-77C8-4BED-AB5B-10B2832E0D5B}.Debug|x86.Build.0 = Debug|x86
		{E2B64AA9-77C8-4BED-AB5B-10B2832E0D5B}.Net40Debug|Any CPU.ActiveCfg = Net40Debug|Any CPU
		{E2B64AA9-77C8-4BED-AB5B-10B2832E0D5B}.Net40Debug|Any CPU.Build.0 = Net40Debug|Any CPU
		{E2B64AA9-77C8-4BED-AB5B-10B2832E0D5B}.Net40Debug|Mixed Platforms.ActiveCfg = Net40Debug|x86
		{E2B64AA9-77C8-4BED-AB5B-10B2832E0D5B}.Net40Debug|Mixed Platforms.Build.0 = Net40Debug|x86
		{E2B64AA9-77C8-4BED-AB5B-10B2832E0D5B}.Net40Debug|x86.ActiveCfg = Net40Debug|x86
		{E2B64AA9-77C8-4BED-AB5B-10B2832E0D5B}.Net40Debug|x86.Build.0 = Net40Debug|x86
		{E2B64AA9-77C8-4BED-AB5B-10B2832E0D5B}.Net40Release|Any CPU.ActiveCfg = Net40Release|Any CPU
		{E2B64AA9-77C8-4BED-AB5B-10B2832E0D5B}.Net40Release|Any CPU.Build.0 = Net40Release|Any CPU
		{E2B64AA9-77C8-4BED-AB5B-10B2832E0D5B}.Net40Release|Mixed Platforms.ActiveCfg = Net40Release|x86
		{E2B64AA9-77C8-4BED-AB5B-10B2832E0D5B}.Net40Release|Mixed Platforms.Build.0 = Net40Release|x86
		{E2B64AA9-77C8-4BED-AB5B-10B2832E0D5B}.Net40Release|x86.ActiveCfg = Net40Release|Any CPU
		{E2B64AA9-77C8-4BED-AB5B-10B2832E0D5B}.Release|Any CPU.ActiveCfg = Release|Any CPU
		{E2B64AA9-77C8-4BED-AB5B-10B2832E0D5B}.Release|Any CPU.Build.0 = Release|Any CPU
		{E2B64AA9-77C8-4BED-AB5B-10B2832E0D5B}.Release|Mixed Platforms.ActiveCfg = Release|x86
		{E2B64AA9-77C8-4BED-AB5B-10B2832E0D5B}.Release|Mixed Platforms.Build.0 = Release|x86
		{E2B64AA9-77C8-4BED-AB5B-10B2832E0D5B}.Release|x86.ActiveCfg = Release|Any CPU
		{E2B64AA9-77C8-4BED-AB5B-10B2832E0D5B}.SL5Debug|Any CPU.ActiveCfg = SL5Debug|Any CPU
		{E2B64AA9-77C8-4BED-AB5B-10B2832E0D5B}.SL5Debug|Any CPU.Build.0 = SL5Debug|Any CPU
		{E2B64AA9-77C8-4BED-AB5B-10B2832E0D5B}.SL5Debug|Mixed Platforms.ActiveCfg = SL5Debug|x86
		{E2B64AA9-77C8-4BED-AB5B-10B2832E0D5B}.SL5Debug|Mixed Platforms.Build.0 = SL5Debug|x86
		{E2B64AA9-77C8-4BED-AB5B-10B2832E0D5B}.SL5Debug|x86.ActiveCfg = SL5Debug|x86
		{E2B64AA9-77C8-4BED-AB5B-10B2832E0D5B}.SL5Debug|x86.Build.0 = SL5Debug|x86
		{E2B64AA9-77C8-4BED-AB5B-10B2832E0D5B}.SL5Release|Any CPU.ActiveCfg = SL5Release|Any CPU
		{E2B64AA9-77C8-4BED-AB5B-10B2832E0D5B}.SL5Release|Any CPU.Build.0 = SL5Release|Any CPU
		{E2B64AA9-77C8-4BED-AB5B-10B2832E0D5B}.SL5Release|Mixed Platforms.ActiveCfg = SL5Release|x86
		{E2B64AA9-77C8-4BED-AB5B-10B2832E0D5B}.SL5Release|Mixed Platforms.Build.0 = SL5Release|x86
		{E2B64AA9-77C8-4BED-AB5B-10B2832E0D5B}.SL5Release|x86.ActiveCfg = SL5Release|x86
		{E2B64AA9-77C8-4BED-AB5B-10B2832E0D5B}.SL5Release|x86.Build.0 = SL5Release|x86
		{E2B64AA9-77C8-4BED-AB5B-10B2832E0D5B}.Win8Debug|Any CPU.ActiveCfg = Win8Debug|Any CPU
		{E2B64AA9-77C8-4BED-AB5B-10B2832E0D5B}.Win8Debug|Any CPU.Build.0 = Win8Debug|Any CPU
		{E2B64AA9-77C8-4BED-AB5B-10B2832E0D5B}.Win8Debug|Mixed Platforms.ActiveCfg = Win8Debug|x86
		{E2B64AA9-77C8-4BED-AB5B-10B2832E0D5B}.Win8Debug|Mixed Platforms.Build.0 = Win8Debug|x86
		{E2B64AA9-77C8-4BED-AB5B-10B2832E0D5B}.Win8Debug|x86.ActiveCfg = Win8Debug|Any CPU
		{E2B64AA9-77C8-4BED-AB5B-10B2832E0D5B}.Win8Release|Any CPU.ActiveCfg = Win8Release|Any CPU
		{E2B64AA9-77C8-4BED-AB5B-10B2832E0D5B}.Win8Release|Any CPU.Build.0 = Win8Release|Any CPU
		{E2B64AA9-77C8-4BED-AB5B-10B2832E0D5B}.Win8Release|Mixed Platforms.ActiveCfg = Win8Release|x86
		{E2B64AA9-77C8-4BED-AB5B-10B2832E0D5B}.Win8Release|Mixed Platforms.Build.0 = Win8Release|x86
		{E2B64AA9-77C8-4BED-AB5B-10B2832E0D5B}.Win8Release|x86.ActiveCfg = Win8Release|Any CPU
		{BAA6AE8A-B259-4883-9805-CE538660A59A}.Debug|Any CPU.ActiveCfg = Debug|Any CPU
		{BAA6AE8A-B259-4883-9805-CE538660A59A}.Debug|Any CPU.Build.0 = Debug|Any CPU
		{BAA6AE8A-B259-4883-9805-CE538660A59A}.Debug|Mixed Platforms.ActiveCfg = Debug|x86
		{BAA6AE8A-B259-4883-9805-CE538660A59A}.Debug|Mixed Platforms.Build.0 = Debug|x86
		{BAA6AE8A-B259-4883-9805-CE538660A59A}.Debug|x86.ActiveCfg = Debug|x86
		{BAA6AE8A-B259-4883-9805-CE538660A59A}.Debug|x86.Build.0 = Debug|x86
		{BAA6AE8A-B259-4883-9805-CE538660A59A}.Net40Debug|Any CPU.ActiveCfg = Net40Debug|Any CPU
		{BAA6AE8A-B259-4883-9805-CE538660A59A}.Net40Debug|Any CPU.Build.0 = Net40Debug|Any CPU
		{BAA6AE8A-B259-4883-9805-CE538660A59A}.Net40Debug|Mixed Platforms.ActiveCfg = Net40Debug|x86
		{BAA6AE8A-B259-4883-9805-CE538660A59A}.Net40Debug|Mixed Platforms.Build.0 = Net40Debug|x86
		{BAA6AE8A-B259-4883-9805-CE538660A59A}.Net40Debug|x86.ActiveCfg = Net40Debug|x86
		{BAA6AE8A-B259-4883-9805-CE538660A59A}.Net40Debug|x86.Build.0 = Net40Debug|x86
		{BAA6AE8A-B259-4883-9805-CE538660A59A}.Net40Release|Any CPU.ActiveCfg = Net40Release|Any CPU
		{BAA6AE8A-B259-4883-9805-CE538660A59A}.Net40Release|Any CPU.Build.0 = Net40Release|Any CPU
		{BAA6AE8A-B259-4883-9805-CE538660A59A}.Net40Release|Mixed Platforms.ActiveCfg = Net40Release|x86
		{BAA6AE8A-B259-4883-9805-CE538660A59A}.Net40Release|Mixed Platforms.Build.0 = Net40Release|x86
		{BAA6AE8A-B259-4883-9805-CE538660A59A}.Net40Release|x86.ActiveCfg = Net40Release|Any CPU
		{BAA6AE8A-B259-4883-9805-CE538660A59A}.Release|Any CPU.ActiveCfg = Release|Any CPU
		{BAA6AE8A-B259-4883-9805-CE538660A59A}.Release|Any CPU.Build.0 = Release|Any CPU
		{BAA6AE8A-B259-4883-9805-CE538660A59A}.Release|Mixed Platforms.ActiveCfg = Release|x86
		{BAA6AE8A-B259-4883-9805-CE538660A59A}.Release|Mixed Platforms.Build.0 = Release|x86
		{BAA6AE8A-B259-4883-9805-CE538660A59A}.Release|x86.ActiveCfg = Release|Any CPU
		{BAA6AE8A-B259-4883-9805-CE538660A59A}.SL5Debug|Any CPU.ActiveCfg = SL5Debug|Any CPU
		{BAA6AE8A-B259-4883-9805-CE538660A59A}.SL5Debug|Any CPU.Build.0 = SL5Debug|Any CPU
		{BAA6AE8A-B259-4883-9805-CE538660A59A}.SL5Debug|Mixed Platforms.ActiveCfg = SL5Debug|x86
		{BAA6AE8A-B259-4883-9805-CE538660A59A}.SL5Debug|Mixed Platforms.Build.0 = SL5Debug|x86
		{BAA6AE8A-B259-4883-9805-CE538660A59A}.SL5Debug|x86.ActiveCfg = SL5Debug|x86
		{BAA6AE8A-B259-4883-9805-CE538660A59A}.SL5Debug|x86.Build.0 = SL5Debug|x86
		{BAA6AE8A-B259-4883-9805-CE538660A59A}.SL5Release|Any CPU.ActiveCfg = SL5Release|Any CPU
		{BAA6AE8A-B259-4883-9805-CE538660A59A}.SL5Release|Any CPU.Build.0 = SL5Release|Any CPU
		{BAA6AE8A-B259-4883-9805-CE538660A59A}.SL5Release|Mixed Platforms.ActiveCfg = SL5Release|x86
		{BAA6AE8A-B259-4883-9805-CE538660A59A}.SL5Release|Mixed Platforms.Build.0 = SL5Release|x86
		{BAA6AE8A-B259-4883-9805-CE538660A59A}.SL5Release|x86.ActiveCfg = SL5Release|x86
		{BAA6AE8A-B259-4883-9805-CE538660A59A}.SL5Release|x86.Build.0 = SL5Release|x86
		{BAA6AE8A-B259-4883-9805-CE538660A59A}.Win8Debug|Any CPU.ActiveCfg = Win8Debug|Any CPU
		{BAA6AE8A-B259-4883-9805-CE538660A59A}.Win8Debug|Any CPU.Build.0 = Win8Debug|Any CPU
		{BAA6AE8A-B259-4883-9805-CE538660A59A}.Win8Debug|Mixed Platforms.ActiveCfg = Win8Debug|x86
		{BAA6AE8A-B259-4883-9805-CE538660A59A}.Win8Debug|Mixed Platforms.Build.0 = Win8Debug|x86
		{BAA6AE8A-B259-4883-9805-CE538660A59A}.Win8Debug|x86.ActiveCfg = Win8Debug|Any CPU
		{BAA6AE8A-B259-4883-9805-CE538660A59A}.Win8Release|Any CPU.ActiveCfg = Win8Release|Any CPU
		{BAA6AE8A-B259-4883-9805-CE538660A59A}.Win8Release|Any CPU.Build.0 = Win8Release|Any CPU
		{BAA6AE8A-B259-4883-9805-CE538660A59A}.Win8Release|Mixed Platforms.ActiveCfg = Win8Release|x86
		{BAA6AE8A-B259-4883-9805-CE538660A59A}.Win8Release|Mixed Platforms.Build.0 = Win8Release|x86
		{BAA6AE8A-B259-4883-9805-CE538660A59A}.Win8Release|x86.ActiveCfg = Win8Release|Any CPU
		{B2BB7F09-2AD3-49C4-9268-D33BC13AA5E7}.Debug|Any CPU.ActiveCfg = Debug|Any CPU
		{B2BB7F09-2AD3-49C4-9268-D33BC13AA5E7}.Debug|Any CPU.Build.0 = Debug|Any CPU
		{B2BB7F09-2AD3-49C4-9268-D33BC13AA5E7}.Debug|Mixed Platforms.ActiveCfg = Debug|x86
		{B2BB7F09-2AD3-49C4-9268-D33BC13AA5E7}.Debug|Mixed Platforms.Build.0 = Debug|x86
		{B2BB7F09-2AD3-49C4-9268-D33BC13AA5E7}.Debug|x86.ActiveCfg = Debug|x86
		{B2BB7F09-2AD3-49C4-9268-D33BC13AA5E7}.Debug|x86.Build.0 = Debug|x86
		{B2BB7F09-2AD3-49C4-9268-D33BC13AA5E7}.Net40Debug|Any CPU.ActiveCfg = Net40Debug|Any CPU
		{B2BB7F09-2AD3-49C4-9268-D33BC13AA5E7}.Net40Debug|Any CPU.Build.0 = Net40Debug|Any CPU
		{B2BB7F09-2AD3-49C4-9268-D33BC13AA5E7}.Net40Debug|Mixed Platforms.ActiveCfg = Net40Debug|x86
		{B2BB7F09-2AD3-49C4-9268-D33BC13AA5E7}.Net40Debug|Mixed Platforms.Build.0 = Net40Debug|x86
		{B2BB7F09-2AD3-49C4-9268-D33BC13AA5E7}.Net40Debug|x86.ActiveCfg = Net40Debug|x86
		{B2BB7F09-2AD3-49C4-9268-D33BC13AA5E7}.Net40Debug|x86.Build.0 = Net40Debug|x86
		{B2BB7F09-2AD3-49C4-9268-D33BC13AA5E7}.Net40Release|Any CPU.ActiveCfg = Net40Release|Any CPU
		{B2BB7F09-2AD3-49C4-9268-D33BC13AA5E7}.Net40Release|Any CPU.Build.0 = Net40Release|Any CPU
		{B2BB7F09-2AD3-49C4-9268-D33BC13AA5E7}.Net40Release|Mixed Platforms.ActiveCfg = Net40Release|x86
		{B2BB7F09-2AD3-49C4-9268-D33BC13AA5E7}.Net40Release|Mixed Platforms.Build.0 = Net40Release|x86
		{B2BB7F09-2AD3-49C4-9268-D33BC13AA5E7}.Net40Release|x86.ActiveCfg = Net40Release|Any CPU
		{B2BB7F09-2AD3-49C4-9268-D33BC13AA5E7}.Release|Any CPU.ActiveCfg = Release|Any CPU
		{B2BB7F09-2AD3-49C4-9268-D33BC13AA5E7}.Release|Any CPU.Build.0 = Release|Any CPU
		{B2BB7F09-2AD3-49C4-9268-D33BC13AA5E7}.Release|Mixed Platforms.ActiveCfg = Release|x86
		{B2BB7F09-2AD3-49C4-9268-D33BC13AA5E7}.Release|Mixed Platforms.Build.0 = Release|x86
		{B2BB7F09-2AD3-49C4-9268-D33BC13AA5E7}.Release|x86.ActiveCfg = Release|Any CPU
		{B2BB7F09-2AD3-49C4-9268-D33BC13AA5E7}.SL5Debug|Any CPU.ActiveCfg = SL5Debug|Any CPU
		{B2BB7F09-2AD3-49C4-9268-D33BC13AA5E7}.SL5Debug|Any CPU.Build.0 = SL5Debug|Any CPU
		{B2BB7F09-2AD3-49C4-9268-D33BC13AA5E7}.SL5Debug|Mixed Platforms.ActiveCfg = SL5Debug|x86
		{B2BB7F09-2AD3-49C4-9268-D33BC13AA5E7}.SL5Debug|Mixed Platforms.Build.0 = SL5Debug|x86
		{B2BB7F09-2AD3-49C4-9268-D33BC13AA5E7}.SL5Debug|x86.ActiveCfg = SL5Debug|x86
		{B2BB7F09-2AD3-49C4-9268-D33BC13AA5E7}.SL5Debug|x86.Build.0 = SL5Debug|x86
		{B2BB7F09-2AD3-49C4-9268-D33BC13AA5E7}.SL5Release|Any CPU.ActiveCfg = SL5Release|Any CPU
		{B2BB7F09-2AD3-49C4-9268-D33BC13AA5E7}.SL5Release|Any CPU.Build.0 = SL5Release|Any CPU
		{B2BB7F09-2AD3-49C4-9268-D33BC13AA5E7}.SL5Release|Mixed Platforms.ActiveCfg = SL5Release|x86
		{B2BB7F09-2AD3-49C4-9268-D33BC13AA5E7}.SL5Release|Mixed Platforms.Build.0 = SL5Release|x86
		{B2BB7F09-2AD3-49C4-9268-D33BC13AA5E7}.SL5Release|x86.ActiveCfg = SL5Release|x86
		{B2BB7F09-2AD3-49C4-9268-D33BC13AA5E7}.SL5Release|x86.Build.0 = SL5Release|x86
		{B2BB7F09-2AD3-49C4-9268-D33BC13AA5E7}.Win8Debug|Any CPU.ActiveCfg = Win8Debug|Any CPU
		{B2BB7F09-2AD3-49C4-9268-D33BC13AA5E7}.Win8Debug|Any CPU.Build.0 = Win8Debug|Any CPU
		{B2BB7F09-2AD3-49C4-9268-D33BC13AA5E7}.Win8Debug|Mixed Platforms.ActiveCfg = Win8Debug|x86
		{B2BB7F09-2AD3-49C4-9268-D33BC13AA5E7}.Win8Debug|Mixed Platforms.Build.0 = Win8Debug|x86
		{B2BB7F09-2AD3-49C4-9268-D33BC13AA5E7}.Win8Debug|x86.ActiveCfg = Win8Debug|Any CPU
		{B2BB7F09-2AD3-49C4-9268-D33BC13AA5E7}.Win8Release|Any CPU.ActiveCfg = Win8Release|Any CPU
		{B2BB7F09-2AD3-49C4-9268-D33BC13AA5E7}.Win8Release|Any CPU.Build.0 = Win8Release|Any CPU
		{B2BB7F09-2AD3-49C4-9268-D33BC13AA5E7}.Win8Release|Mixed Platforms.ActiveCfg = Win8Release|x86
		{B2BB7F09-2AD3-49C4-9268-D33BC13AA5E7}.Win8Release|Mixed Platforms.Build.0 = Win8Release|x86
		{B2BB7F09-2AD3-49C4-9268-D33BC13AA5E7}.Win8Release|x86.ActiveCfg = Win8Release|Any CPU
		{AF0AAC88-68C8-4CF4-AFFA-526AD899758A}.Debug|Any CPU.ActiveCfg = Debug|Any CPU
		{AF0AAC88-68C8-4CF4-AFFA-526AD899758A}.Debug|Any CPU.Build.0 = Debug|Any CPU
		{AF0AAC88-68C8-4CF4-AFFA-526AD899758A}.Debug|Mixed Platforms.ActiveCfg = Debug|x86
		{AF0AAC88-68C8-4CF4-AFFA-526AD899758A}.Debug|Mixed Platforms.Build.0 = Debug|x86
		{AF0AAC88-68C8-4CF4-AFFA-526AD899758A}.Debug|x86.ActiveCfg = Debug|x86
		{AF0AAC88-68C8-4CF4-AFFA-526AD899758A}.Debug|x86.Build.0 = Debug|x86
		{AF0AAC88-68C8-4CF4-AFFA-526AD899758A}.Net40Debug|Any CPU.ActiveCfg = Net40Debug|Any CPU
		{AF0AAC88-68C8-4CF4-AFFA-526AD899758A}.Net40Debug|Any CPU.Build.0 = Net40Debug|Any CPU
		{AF0AAC88-68C8-4CF4-AFFA-526AD899758A}.Net40Debug|Mixed Platforms.ActiveCfg = Net40Debug|x86
		{AF0AAC88-68C8-4CF4-AFFA-526AD899758A}.Net40Debug|Mixed Platforms.Build.0 = Net40Debug|x86
		{AF0AAC88-68C8-4CF4-AFFA-526AD899758A}.Net40Debug|x86.ActiveCfg = Net40Debug|x86
		{AF0AAC88-68C8-4CF4-AFFA-526AD899758A}.Net40Debug|x86.Build.0 = Net40Debug|x86
		{AF0AAC88-68C8-4CF4-AFFA-526AD899758A}.Net40Release|Any CPU.ActiveCfg = Net40Release|Any CPU
		{AF0AAC88-68C8-4CF4-AFFA-526AD899758A}.Net40Release|Any CPU.Build.0 = Net40Release|Any CPU
		{AF0AAC88-68C8-4CF4-AFFA-526AD899758A}.Net40Release|Mixed Platforms.ActiveCfg = Net40Release|x86
		{AF0AAC88-68C8-4CF4-AFFA-526AD899758A}.Net40Release|Mixed Platforms.Build.0 = Net40Release|x86
		{AF0AAC88-68C8-4CF4-AFFA-526AD899758A}.Net40Release|x86.ActiveCfg = Net40Release|Any CPU
		{AF0AAC88-68C8-4CF4-AFFA-526AD899758A}.Release|Any CPU.ActiveCfg = Release|Any CPU
		{AF0AAC88-68C8-4CF4-AFFA-526AD899758A}.Release|Any CPU.Build.0 = Release|Any CPU
		{AF0AAC88-68C8-4CF4-AFFA-526AD899758A}.Release|Mixed Platforms.ActiveCfg = Release|x86
		{AF0AAC88-68C8-4CF4-AFFA-526AD899758A}.Release|Mixed Platforms.Build.0 = Release|x86
		{AF0AAC88-68C8-4CF4-AFFA-526AD899758A}.Release|x86.ActiveCfg = Release|Any CPU
		{AF0AAC88-68C8-4CF4-AFFA-526AD899758A}.SL5Debug|Any CPU.ActiveCfg = SL5Debug|Any CPU
		{AF0AAC88-68C8-4CF4-AFFA-526AD899758A}.SL5Debug|Any CPU.Build.0 = SL5Debug|Any CPU
		{AF0AAC88-68C8-4CF4-AFFA-526AD899758A}.SL5Debug|Mixed Platforms.ActiveCfg = SL5Debug|x86
		{AF0AAC88-68C8-4CF4-AFFA-526AD899758A}.SL5Debug|Mixed Platforms.Build.0 = SL5Debug|x86
		{AF0AAC88-68C8-4CF4-AFFA-526AD899758A}.SL5Debug|x86.ActiveCfg = SL5Debug|x86
		{AF0AAC88-68C8-4CF4-AFFA-526AD899758A}.SL5Debug|x86.Build.0 = SL5Debug|x86
		{AF0AAC88-68C8-4CF4-AFFA-526AD899758A}.SL5Release|Any CPU.ActiveCfg = SL5Release|Any CPU
		{AF0AAC88-68C8-4CF4-AFFA-526AD899758A}.SL5Release|Any CPU.Build.0 = SL5Release|Any CPU
		{AF0AAC88-68C8-4CF4-AFFA-526AD899758A}.SL5Release|Mixed Platforms.ActiveCfg = SL5Release|x86
		{AF0AAC88-68C8-4CF4-AFFA-526AD899758A}.SL5Release|Mixed Platforms.Build.0 = SL5Release|x86
		{AF0AAC88-68C8-4CF4-AFFA-526AD899758A}.SL5Release|x86.ActiveCfg = SL5Release|x86
		{AF0AAC88-68C8-4CF4-AFFA-526AD899758A}.SL5Release|x86.Build.0 = SL5Release|x86
		{AF0AAC88-68C8-4CF4-AFFA-526AD899758A}.Win8Debug|Any CPU.ActiveCfg = Win8Debug|Any CPU
		{AF0AAC88-68C8-4CF4-AFFA-526AD899758A}.Win8Debug|Any CPU.Build.0 = Win8Debug|Any CPU
		{AF0AAC88-68C8-4CF4-AFFA-526AD899758A}.Win8Debug|Mixed Platforms.ActiveCfg = Win8Debug|x86
		{AF0AAC88-68C8-4CF4-AFFA-526AD899758A}.Win8Debug|Mixed Platforms.Build.0 = Win8Debug|x86
		{AF0AAC88-68C8-4CF4-AFFA-526AD899758A}.Win8Debug|x86.ActiveCfg = Win8Debug|Any CPU
		{AF0AAC88-68C8-4CF4-AFFA-526AD899758A}.Win8Release|Any CPU.ActiveCfg = Win8Release|Any CPU
		{AF0AAC88-68C8-4CF4-AFFA-526AD899758A}.Win8Release|Any CPU.Build.0 = Win8Release|Any CPU
		{AF0AAC88-68C8-4CF4-AFFA-526AD899758A}.Win8Release|Mixed Platforms.ActiveCfg = Win8Release|x86
		{AF0AAC88-68C8-4CF4-AFFA-526AD899758A}.Win8Release|Mixed Platforms.Build.0 = Win8Release|x86
		{AF0AAC88-68C8-4CF4-AFFA-526AD899758A}.Win8Release|x86.ActiveCfg = Win8Release|Any CPU
	EndGlobalSection
	GlobalSection(SolutionProperties) = preSolution
		HideSolutionNode = FALSE
	EndGlobalSection
	GlobalSection(NestedProjects) = preSolution
		{676C7702-0B62-4E50-8211-EA5BC21A5DF5} = {1EAB961C-47EC-4015-B61E-E672AE1C82A1}
		{FC473D51-36A2-4437-BC06-92A8E92374B7} = {1EAB961C-47EC-4015-B61E-E672AE1C82A1}
		{DC26813F-4527-477E-8068-272E10CF5C37} = {1EAB961C-47EC-4015-B61E-E672AE1C82A1}
		{BAA6AE8A-B259-4883-9805-CE538660A59A} = {1EAB961C-47EC-4015-B61E-E672AE1C82A1}
		{77AC0D3A-2A99-4EA6-A90E-C71BB53751C5} = {676C7702-0B62-4E50-8211-EA5BC21A5DF5}
		{081F78DE-8224-4CA6-BD34-8B7939CF21AB} = {676C7702-0B62-4E50-8211-EA5BC21A5DF5}
		{68DBB62F-F98D-47B5-A769-C20B461227AB} = {FC473D51-36A2-4437-BC06-92A8E92374B7}
		{B4CE9E05-F5E9-4839-A928-27B4D30F4EE3} = {FC473D51-36A2-4437-BC06-92A8E92374B7}
		{E2B64AA9-77C8-4BED-AB5B-10B2832E0D5B} = {DC26813F-4527-477E-8068-272E10CF5C37}
		{B2BB7F09-2AD3-49C4-9268-D33BC13AA5E7} = {DC26813F-4527-477E-8068-272E10CF5C37}
		{AF0AAC88-68C8-4CF4-AFFA-526AD899758A} = {3DA6FEF3-8BF7-49CF-84C9-E82B5343D6C1}
	EndGlobalSection
EndGlobal
